// !$*UTF8*$!
{
	archiveVersion = 1;
	classes = {
	};
	objectVersion = 46;
	objects = {

/* Begin PBXAggregateTarget section */
		AF29B5921F0C905000348F99 /* LNRefresh-Universal */ = {
			isa = PBXAggregateTarget;
			buildConfigurationList = AF29B5931F0C905000348F99 /* Build configuration list for PBXAggregateTarget "LNRefresh-Universal" */;
			buildPhases = (
				AF29B5961F0C906900348F99 /* ShellScript */,
			);
			dependencies = (
				AFEDEA011F21AF65003EBEA8 /* PBXTargetDependency */,
			);
			name = "LNRefresh-Universal";
			productName = "LNRefresh-Universal";
		};
/* End PBXAggregateTarget section */

/* Begin PBXBuildFile section */
		AF15ECAC1F4EBDCA0010973D /* LNHeaderDIYAnimator.h in Headers */ = {isa = PBXBuildFile; fileRef = AF15ECA81F4EBDCA0010973D /* LNHeaderDIYAnimator.h */; };
		AF15ECAD1F4EBDCA0010973D /* LNHeaderDIYAnimator.m in Sources */ = {isa = PBXBuildFile; fileRef = AF15ECA91F4EBDCA0010973D /* LNHeaderDIYAnimator.m */; };
		AF15ECAE1F4EBDCA0010973D /* YLoadingPanel.h in Headers */ = {isa = PBXBuildFile; fileRef = AF15ECAA1F4EBDCA0010973D /* YLoadingPanel.h */; };
		AF15ECAF1F4EBDCA0010973D /* YLoadingPanel.m in Sources */ = {isa = PBXBuildFile; fileRef = AF15ECAB1F4EBDCA0010973D /* YLoadingPanel.m */; };
		AF15ECB31F4ECF4A0010973D /* LNHeaderJDAnimator.m in Sources */ = {isa = PBXBuildFile; fileRef = AF15ECB21F4ECF4A0010973D /* LNHeaderJDAnimator.m */; };
		AF15ECBB1F4FBC6B0010973D /* LNHeaderTmallAnimator.m in Sources */ = {isa = PBXBuildFile; fileRef = AF15ECBA1F4FBC6B0010973D /* LNHeaderTmallAnimator.m */; };
		AF15ECC81F4FBD020010973D /* LNHeaderKaolaAnimator.m in Sources */ = {isa = PBXBuildFile; fileRef = AF15ECC41F4FBD020010973D /* LNHeaderKaolaAnimator.m */; };
		AF15ECCF1F4FBD5A0010973D /* LNHeaderTaobaoAnimator.m in Sources */ = {isa = PBXBuildFile; fileRef = AF15ECCE1F4FBD5A0010973D /* LNHeaderTaobaoAnimator.m */; };
		AF15ECD51F4FC3D80010973D /* frontpage_refresh@2x.gif in Resources */ = {isa = PBXBuildFile; fileRef = AF15ECD11F4FC3D80010973D /* frontpage_refresh@2x.gif */; };
		AF15ECD61F4FC3D80010973D /* frontpage_refresh@3x.gif in Resources */ = {isa = PBXBuildFile; fileRef = AF15ECD21F4FC3D80010973D /* frontpage_refresh@3x.gif */; };
		AF15ECD71F4FC3D80010973D /* frontpage_refresh_release@2x.gif in Resources */ = {isa = PBXBuildFile; fileRef = AF15ECD31F4FC3D80010973D /* frontpage_refresh_release@2x.gif */; };
		AF15ECD81F4FC3D80010973D /* frontpage_refresh_release@3x.gif in Resources */ = {isa = PBXBuildFile; fileRef = AF15ECD41F4FC3D80010973D /* frontpage_refresh_release@3x.gif */; };
		AF15ECDB1F4FC8F60010973D /* UIImage+animatedGIF.m in Sources */ = {isa = PBXBuildFile; fileRef = AF15ECDA1F4FC8F60010973D /* UIImage+animatedGIF.m */; };
		AF1F98FD1F1C63590074E638 /* LNRefresh.framework in Frameworks */ = {isa = PBXBuildFile; fileRef = AF29B5781F0C900300348F99 /* LNRefresh.framework */; settings = {ATTRIBUTES = (Required, ); }; };
		AF1F99001F1CAA660074E638 /* DemoVC.m in Sources */ = {isa = PBXBuildFile; fileRef = AF1F98FF1F1CAA660074E638 /* DemoVC.m */; };
		AF1F991E1F2077D80074E638 /* LNHeaderAnimator+Analysis.m in Sources */ = {isa = PBXBuildFile; fileRef = AF1F991D1F2077D80074E638 /* LNHeaderAnimator+Analysis.m */; };
		AF29B5891F0C900300348F99 /* LNRefresh.h in Headers */ = {isa = PBXBuildFile; fileRef = AF29B57B1F0C900300348F99 /* LNRefresh.h */; settings = {ATTRIBUTES = (Public, ); }; };
		AF29B5C41F0CC04600348F99 /* NSObject+LNRefresh.h in Headers */ = {isa = PBXBuildFile; fileRef = AF29B5C21F0CC04600348F99 /* NSObject+LNRefresh.h */; settings = {ATTRIBUTES = (Public, ); }; };
		AF29B5C51F0CC04600348F99 /* NSObject+LNRefresh.m in Sources */ = {isa = PBXBuildFile; fileRef = AF29B5C31F0CC04600348F99 /* NSObject+LNRefresh.m */; };
		AF334A021F56FC9C004B1A1F /* LNHeaderToutiaoAnimator.m in Sources */ = {isa = PBXBuildFile; fileRef = AF334A011F56FC9C004B1A1F /* LNHeaderToutiaoAnimator.m */; };
		AF334A171F59662E004B1A1F /* LNHeaderFeizhuAnimator.m in Sources */ = {isa = PBXBuildFile; fileRef = AF334A161F59662E004B1A1F /* LNHeaderFeizhuAnimator.m */; };
		AF334A1A1F5973FB004B1A1F /* feizhu_pull_refresh.gif in Resources */ = {isa = PBXBuildFile; fileRef = AF334A191F5973FB004B1A1F /* feizhu_pull_refresh.gif */; };
		AF6450E71F32C0B700DB8520 /* LNRefreshConst.h in Headers */ = {isa = PBXBuildFile; fileRef = AF6450E51F32C0B700DB8520 /* LNRefreshConst.h */; settings = {ATTRIBUTES = (Public, ); }; };
		AF6450E81F32C0B700DB8520 /* LNRefreshConst.m in Sources */ = {isa = PBXBuildFile; fileRef = AF6450E61F32C0B700DB8520 /* LNRefreshConst.m */; };
		AFA03C581F272DAA00896ED8 /* lnrefresh.json in Resources */ = {isa = PBXBuildFile; fileRef = AFA03C571F272DAA00896ED8 /* lnrefresh.json */; };
		AFA03C621F27546500896ED8 /* LNRefresh.bundle in Resources */ = {isa = PBXBuildFile; fileRef = AFA03C611F27546500896ED8 /* LNRefresh.bundle */; };
		AFB97EF31F53C12100D6629F /* LNHeaderMeituanAnimator.m in Sources */ = {isa = PBXBuildFile; fileRef = AFB97EF21F53C12100D6629F /* LNHeaderMeituanAnimator.m */; };
		AFB97EFA1F53FC3B00D6629F /* LNHeaderNetEaseNewsAnimator.m in Sources */ = {isa = PBXBuildFile; fileRef = AFB97EF91F53FC3B00D6629F /* LNHeaderNetEaseNewsAnimator.m */; };
		AFC94B491F1470C800D635BC /* LNRefreshComponent.h in Headers */ = {isa = PBXBuildFile; fileRef = AFC94B471F1470C800D635BC /* LNRefreshComponent.h */; settings = {ATTRIBUTES = (Public, ); }; };
		AFC94B4A1F1470C800D635BC /* LNRefreshComponent.m in Sources */ = {isa = PBXBuildFile; fileRef = AFC94B481F1470C800D635BC /* LNRefreshComponent.m */; };
		AFC94B741F14CB5700D635BC /* main.m in Sources */ = {isa = PBXBuildFile; fileRef = AFC94B731F14CB5700D635BC /* main.m */; };
		AFC94B771F14CB5700D635BC /* AppDelegate.m in Sources */ = {isa = PBXBuildFile; fileRef = AFC94B761F14CB5700D635BC /* AppDelegate.m */; };
		AFC94B7D1F14CB5700D635BC /* Main.storyboard in Resources */ = {isa = PBXBuildFile; fileRef = AFC94B7B1F14CB5700D635BC /* Main.storyboard */; };
		AFC94B7F1F14CB5700D635BC /* Assets.xcassets in Resources */ = {isa = PBXBuildFile; fileRef = AFC94B7E1F14CB5700D635BC /* Assets.xcassets */; };
		AFC94B821F14CB5700D635BC /* LaunchScreen.storyboard in Resources */ = {isa = PBXBuildFile; fileRef = AFC94B801F14CB5700D635BC /* LaunchScreen.storyboard */; };
		AFC94BA51F14D0BE00D635BC /* LNRefreshAnimator.h in Headers */ = {isa = PBXBuildFile; fileRef = AFC94BA31F14D0BE00D635BC /* LNRefreshAnimator.h */; settings = {ATTRIBUTES = (Public, ); }; };
		AFC94BA61F14D0BE00D635BC /* LNRefreshAnimator.m in Sources */ = {isa = PBXBuildFile; fileRef = AFC94BA41F14D0BE00D635BC /* LNRefreshAnimator.m */; };
		AFC94BAC1F16154C00D635BC /* LNRefreshHeader.h in Headers */ = {isa = PBXBuildFile; fileRef = AFC94BAA1F16154C00D635BC /* LNRefreshHeader.h */; settings = {ATTRIBUTES = (Public, ); }; };
		AFC94BAD1F16154C00D635BC /* LNRefreshHeader.m in Sources */ = {isa = PBXBuildFile; fileRef = AFC94BAB1F16154C00D635BC /* LNRefreshHeader.m */; };
		AFC94BB01F16157300D635BC /* LNRefreshFooter.h in Headers */ = {isa = PBXBuildFile; fileRef = AFC94BAE1F16157300D635BC /* LNRefreshFooter.h */; settings = {ATTRIBUTES = (Public, ); }; };
		AFC94BB11F16157300D635BC /* LNRefreshFooter.m in Sources */ = {isa = PBXBuildFile; fileRef = AFC94BAF1F16157300D635BC /* LNRefreshFooter.m */; };
		AFC94BB81F16397600D635BC /* HomeVC.m in Sources */ = {isa = PBXBuildFile; fileRef = AFC94BB71F16397600D635BC /* HomeVC.m */; };
		AFC94BBB1F17209D00D635BC /* LNHeaderAnimator.h in Headers */ = {isa = PBXBuildFile; fileRef = AFC94BB91F17209D00D635BC /* LNHeaderAnimator.h */; settings = {ATTRIBUTES = (Public, ); }; };
		AFC94BBC1F17209D00D635BC /* LNHeaderAnimator.m in Sources */ = {isa = PBXBuildFile; fileRef = AFC94BBA1F17209D00D635BC /* LNHeaderAnimator.m */; };
		AFC94BBF1F1720B300D635BC /* LNFooterAnimator.h in Headers */ = {isa = PBXBuildFile; fileRef = AFC94BBD1F1720B300D635BC /* LNFooterAnimator.h */; settings = {ATTRIBUTES = (Public, ); }; };
		AFC94BC01F1720B300D635BC /* LNFooterAnimator.m in Sources */ = {isa = PBXBuildFile; fileRef = AFC94BBE1F1720B300D635BC /* LNFooterAnimator.m */; };
		AFEDEA141F220315003EBEA8 /* LNRefreshHandler.h in Headers */ = {isa = PBXBuildFile; fileRef = AFEDEA121F220315003EBEA8 /* LNRefreshHandler.h */; settings = {ATTRIBUTES = (Public, ); }; };
		AFEDEA151F220315003EBEA8 /* LNRefreshHandler.m in Sources */ = {isa = PBXBuildFile; fileRef = AFEDEA131F220315003EBEA8 /* LNRefreshHandler.m */; };
		AFFF4C7F1F219EEF009B4736 /* refresh_arrow.png in Resources */ = {isa = PBXBuildFile; fileRef = AFFF4C7E1F219EEF009B4736 /* refresh_arrow.png */; };
/* End PBXBuildFile section */

/* Begin PBXContainerItemProxy section */
		AFEDEA001F21AF65003EBEA8 /* PBXContainerItemProxy */ = {
			isa = PBXContainerItemProxy;
			containerPortal = AF29B56F1F0C900300348F99 /* Project object */;
			proxyType = 1;
			remoteGlobalIDString = AF29B5771F0C900300348F99;
			remoteInfo = LNRefresh;
		};
		AFEDEA021F21B08C003EBEA8 /* PBXContainerItemProxy */ = {
			isa = PBXContainerItemProxy;
			containerPortal = AF29B56F1F0C900300348F99 /* Project object */;
			proxyType = 1;
			remoteGlobalIDString = AFFF4C771F219EBA009B4736;
			remoteInfo = "LNRefresh-Resources";
		};
/* End PBXContainerItemProxy section */

/* Begin PBXFileReference section */
		AF15ECA81F4EBDCA0010973D /* LNHeaderDIYAnimator.h */ = {isa = PBXFileReference; fileEncoding = 4; lastKnownFileType = sourcecode.c.h; path = LNHeaderDIYAnimator.h; sourceTree = "<group>"; };
		AF15ECA91F4EBDCA0010973D /* LNHeaderDIYAnimator.m */ = {isa = PBXFileReference; fileEncoding = 4; lastKnownFileType = sourcecode.c.objc; path = LNHeaderDIYAnimator.m; sourceTree = "<group>"; };
		AF15ECAA1F4EBDCA0010973D /* YLoadingPanel.h */ = {isa = PBXFileReference; fileEncoding = 4; lastKnownFileType = sourcecode.c.h; path = YLoadingPanel.h; sourceTree = "<group>"; };
		AF15ECAB1F4EBDCA0010973D /* YLoadingPanel.m */ = {isa = PBXFileReference; fileEncoding = 4; lastKnownFileType = sourcecode.c.objc; path = YLoadingPanel.m; sourceTree = "<group>"; };
		AF15ECB11F4ECF4A0010973D /* LNHeaderJDAnimator.h */ = {isa = PBXFileReference; fileEncoding = 4; lastKnownFileType = sourcecode.c.h; path = LNHeaderJDAnimator.h; sourceTree = "<group>"; };
		AF15ECB21F4ECF4A0010973D /* LNHeaderJDAnimator.m */ = {isa = PBXFileReference; fileEncoding = 4; lastKnownFileType = sourcecode.c.objc; path = LNHeaderJDAnimator.m; sourceTree = "<group>"; };
		AF15ECB91F4FBC6B0010973D /* LNHeaderTmallAnimator.h */ = {isa = PBXFileReference; fileEncoding = 4; lastKnownFileType = sourcecode.c.h; path = LNHeaderTmallAnimator.h; sourceTree = "<group>"; };
		AF15ECBA1F4FBC6B0010973D /* LNHeaderTmallAnimator.m */ = {isa = PBXFileReference; fileEncoding = 4; lastKnownFileType = sourcecode.c.objc; path = LNHeaderTmallAnimator.m; sourceTree = "<group>"; };
		AF15ECC31F4FBD020010973D /* LNHeaderKaolaAnimator.h */ = {isa = PBXFileReference; fileEncoding = 4; lastKnownFileType = sourcecode.c.h; path = LNHeaderKaolaAnimator.h; sourceTree = "<group>"; };
		AF15ECC41F4FBD020010973D /* LNHeaderKaolaAnimator.m */ = {isa = PBXFileReference; fileEncoding = 4; lastKnownFileType = sourcecode.c.objc; path = LNHeaderKaolaAnimator.m; sourceTree = "<group>"; };
		AF15ECCD1F4FBD5A0010973D /* LNHeaderTaobaoAnimator.h */ = {isa = PBXFileReference; fileEncoding = 4; lastKnownFileType = sourcecode.c.h; path = LNHeaderTaobaoAnimator.h; sourceTree = "<group>"; };
		AF15ECCE1F4FBD5A0010973D /* LNHeaderTaobaoAnimator.m */ = {isa = PBXFileReference; fileEncoding = 4; lastKnownFileType = sourcecode.c.objc; path = LNHeaderTaobaoAnimator.m; sourceTree = "<group>"; };
		AF15ECD11F4FC3D80010973D /* frontpage_refresh@2x.gif */ = {isa = PBXFileReference; lastKnownFileType = image.gif; path = "frontpage_refresh@2x.gif"; sourceTree = "<group>"; };
		AF15ECD21F4FC3D80010973D /* frontpage_refresh@3x.gif */ = {isa = PBXFileReference; lastKnownFileType = image.gif; path = "frontpage_refresh@3x.gif"; sourceTree = "<group>"; };
		AF15ECD31F4FC3D80010973D /* frontpage_refresh_release@2x.gif */ = {isa = PBXFileReference; lastKnownFileType = image.gif; path = "frontpage_refresh_release@2x.gif"; sourceTree = "<group>"; };
		AF15ECD41F4FC3D80010973D /* frontpage_refresh_release@3x.gif */ = {isa = PBXFileReference; lastKnownFileType = image.gif; path = "frontpage_refresh_release@3x.gif"; sourceTree = "<group>"; };
		AF15ECD91F4FC8F60010973D /* UIImage+animatedGIF.h */ = {isa = PBXFileReference; fileEncoding = 4; lastKnownFileType = sourcecode.c.h; path = "UIImage+animatedGIF.h"; sourceTree = "<group>"; };
		AF15ECDA1F4FC8F60010973D /* UIImage+animatedGIF.m */ = {isa = PBXFileReference; fileEncoding = 4; lastKnownFileType = sourcecode.c.objc; path = "UIImage+animatedGIF.m"; sourceTree = "<group>"; };
		AF1F98FE1F1CAA660074E638 /* DemoVC.h */ = {isa = PBXFileReference; fileEncoding = 4; lastKnownFileType = sourcecode.c.h; path = DemoVC.h; sourceTree = "<group>"; };
		AF1F98FF1F1CAA660074E638 /* DemoVC.m */ = {isa = PBXFileReference; fileEncoding = 4; lastKnownFileType = sourcecode.c.objc; path = DemoVC.m; sourceTree = "<group>"; };
		AF1F991C1F2077D80074E638 /* LNHeaderAnimator+Analysis.h */ = {isa = PBXFileReference; fileEncoding = 4; lastKnownFileType = sourcecode.c.h; path = "LNHeaderAnimator+Analysis.h"; sourceTree = "<group>"; };
		AF1F991D1F2077D80074E638 /* LNHeaderAnimator+Analysis.m */ = {isa = PBXFileReference; fileEncoding = 4; lastKnownFileType = sourcecode.c.objc; path = "LNHeaderAnimator+Analysis.m"; sourceTree = "<group>"; };
		AF29B5781F0C900300348F99 /* LNRefresh.framework */ = {isa = PBXFileReference; explicitFileType = wrapper.framework; includeInIndex = 0; path = LNRefresh.framework; sourceTree = BUILT_PRODUCTS_DIR; };
		AF29B57B1F0C900300348F99 /* LNRefresh.h */ = {isa = PBXFileReference; lastKnownFileType = sourcecode.c.h; path = LNRefresh.h; sourceTree = "<group>"; };
		AF29B57C1F0C900300348F99 /* Info.plist */ = {isa = PBXFileReference; lastKnownFileType = text.plist.xml; path = Info.plist; sourceTree = "<group>"; };
		AF29B5C21F0CC04600348F99 /* NSObject+LNRefresh.h */ = {isa = PBXFileReference; fileEncoding = 4; lastKnownFileType = sourcecode.c.h; path = "NSObject+LNRefresh.h"; sourceTree = "<group>"; };
		AF29B5C31F0CC04600348F99 /* NSObject+LNRefresh.m */ = {isa = PBXFileReference; fileEncoding = 4; lastKnownFileType = sourcecode.c.objc; path = "NSObject+LNRefresh.m"; sourceTree = "<group>"; };
		AF334A001F56FC9C004B1A1F /* LNHeaderToutiaoAnimator.h */ = {isa = PBXFileReference; fileEncoding = 4; lastKnownFileType = sourcecode.c.h; path = LNHeaderToutiaoAnimator.h; sourceTree = "<group>"; };
		AF334A011F56FC9C004B1A1F /* LNHeaderToutiaoAnimator.m */ = {isa = PBXFileReference; fileEncoding = 4; lastKnownFileType = sourcecode.c.objc; path = LNHeaderToutiaoAnimator.m; sourceTree = "<group>"; };
		AF334A151F59662E004B1A1F /* LNHeaderFeizhuAnimator.h */ = {isa = PBXFileReference; fileEncoding = 4; lastKnownFileType = sourcecode.c.h; path = LNHeaderFeizhuAnimator.h; sourceTree = "<group>"; };
		AF334A161F59662E004B1A1F /* LNHeaderFeizhuAnimator.m */ = {isa = PBXFileReference; fileEncoding = 4; lastKnownFileType = sourcecode.c.objc; path = LNHeaderFeizhuAnimator.m; sourceTree = "<group>"; };
		AF334A191F5973FB004B1A1F /* feizhu_pull_refresh.gif */ = {isa = PBXFileReference; lastKnownFileType = image.gif; path = feizhu_pull_refresh.gif; sourceTree = "<group>"; };
		AF6450E51F32C0B700DB8520 /* LNRefreshConst.h */ = {isa = PBXFileReference; fileEncoding = 4; lastKnownFileType = sourcecode.c.h; path = LNRefreshConst.h; sourceTree = "<group>"; };
		AF6450E61F32C0B700DB8520 /* LNRefreshConst.m */ = {isa = PBXFileReference; fileEncoding = 4; lastKnownFileType = sourcecode.c.objc; path = LNRefreshConst.m; sourceTree = "<group>"; };
		AFA03C571F272DAA00896ED8 /* lnrefresh.json */ = {isa = PBXFileReference; fileEncoding = 4; lastKnownFileType = text.json; path = lnrefresh.json; sourceTree = "<group>"; };
		AFA03C5B1F2734BB00896ED8 /* zh-Hans */ = {isa = PBXFileReference; lastKnownFileType = text.plist.strings; name = "zh-Hans"; path = "zh-Hans.lproj/Main.strings"; sourceTree = "<group>"; };
		AFA03C5C1F2734BB00896ED8 /* zh-Hans */ = {isa = PBXFileReference; lastKnownFileType = text.plist.strings; name = "zh-Hans"; path = "zh-Hans.lproj/LaunchScreen.strings"; sourceTree = "<group>"; };
		AFA03C5D1F2734C000896ED8 /* zh-Hant */ = {isa = PBXFileReference; lastKnownFileType = text.plist.strings; name = "zh-Hant"; path = "zh-Hant.lproj/Main.strings"; sourceTree = "<group>"; };
		AFA03C5E1F2734C100896ED8 /* zh-Hant */ = {isa = PBXFileReference; lastKnownFileType = text.plist.strings; name = "zh-Hant"; path = "zh-Hant.lproj/LaunchScreen.strings"; sourceTree = "<group>"; };
		AFA03C611F27546500896ED8 /* LNRefresh.bundle */ = {isa = PBXFileReference; lastKnownFileType = "wrapper.plug-in"; path = LNRefresh.bundle; sourceTree = "<group>"; };
		AFB97EF11F53C12100D6629F /* LNHeaderMeituanAnimator.h */ = {isa = PBXFileReference; fileEncoding = 4; lastKnownFileType = sourcecode.c.h; path = LNHeaderMeituanAnimator.h; sourceTree = "<group>"; };
		AFB97EF21F53C12100D6629F /* LNHeaderMeituanAnimator.m */ = {isa = PBXFileReference; fileEncoding = 4; lastKnownFileType = sourcecode.c.objc; path = LNHeaderMeituanAnimator.m; sourceTree = "<group>"; };
		AFB97EF81F53FC3B00D6629F /* LNHeaderNetEaseNewsAnimator.h */ = {isa = PBXFileReference; fileEncoding = 4; lastKnownFileType = sourcecode.c.h; path = LNHeaderNetEaseNewsAnimator.h; sourceTree = "<group>"; };
		AFB97EF91F53FC3B00D6629F /* LNHeaderNetEaseNewsAnimator.m */ = {isa = PBXFileReference; fileEncoding = 4; lastKnownFileType = sourcecode.c.objc; path = LNHeaderNetEaseNewsAnimator.m; sourceTree = "<group>"; };
		AFC94B471F1470C800D635BC /* LNRefreshComponent.h */ = {isa = PBXFileReference; fileEncoding = 4; lastKnownFileType = sourcecode.c.h; path = LNRefreshComponent.h; sourceTree = "<group>"; };
		AFC94B481F1470C800D635BC /* LNRefreshComponent.m */ = {isa = PBXFileReference; fileEncoding = 4; lastKnownFileType = sourcecode.c.objc; path = LNRefreshComponent.m; sourceTree = "<group>"; };
		AFC94B701F14CB5600D635BC /* LNRefreshDemo.app */ = {isa = PBXFileReference; explicitFileType = wrapper.application; includeInIndex = 0; path = LNRefreshDemo.app; sourceTree = BUILT_PRODUCTS_DIR; };
		AFC94B731F14CB5700D635BC /* main.m */ = {isa = PBXFileReference; lastKnownFileType = sourcecode.c.objc; path = main.m; sourceTree = "<group>"; };
		AFC94B751F14CB5700D635BC /* AppDelegate.h */ = {isa = PBXFileReference; lastKnownFileType = sourcecode.c.h; path = AppDelegate.h; sourceTree = "<group>"; };
		AFC94B761F14CB5700D635BC /* AppDelegate.m */ = {isa = PBXFileReference; lastKnownFileType = sourcecode.c.objc; path = AppDelegate.m; sourceTree = "<group>"; };
		AFC94B7C1F14CB5700D635BC /* Base */ = {isa = PBXFileReference; lastKnownFileType = file.storyboard; name = Base; path = Base.lproj/Main.storyboard; sourceTree = "<group>"; };
		AFC94B7E1F14CB5700D635BC /* Assets.xcassets */ = {isa = PBXFileReference; lastKnownFileType = folder.assetcatalog; path = Assets.xcassets; sourceTree = "<group>"; };
		AFC94B811F14CB5700D635BC /* Base */ = {isa = PBXFileReference; lastKnownFileType = file.storyboard; name = Base; path = Base.lproj/LaunchScreen.storyboard; sourceTree = "<group>"; };
		AFC94B831F14CB5700D635BC /* Info.plist */ = {isa = PBXFileReference; lastKnownFileType = text.plist.xml; path = Info.plist; sourceTree = "<group>"; };
		AFC94BA31F14D0BE00D635BC /* LNRefreshAnimator.h */ = {isa = PBXFileReference; fileEncoding = 4; lastKnownFileType = sourcecode.c.h; path = LNRefreshAnimator.h; sourceTree = "<group>"; };
		AFC94BA41F14D0BE00D635BC /* LNRefreshAnimator.m */ = {isa = PBXFileReference; fileEncoding = 4; lastKnownFileType = sourcecode.c.objc; path = LNRefreshAnimator.m; sourceTree = "<group>"; };
		AFC94BAA1F16154C00D635BC /* LNRefreshHeader.h */ = {isa = PBXFileReference; fileEncoding = 4; lastKnownFileType = sourcecode.c.h; path = LNRefreshHeader.h; sourceTree = "<group>"; };
		AFC94BAB1F16154C00D635BC /* LNRefreshHeader.m */ = {isa = PBXFileReference; fileEncoding = 4; lastKnownFileType = sourcecode.c.objc; path = LNRefreshHeader.m; sourceTree = "<group>"; };
		AFC94BAE1F16157300D635BC /* LNRefreshFooter.h */ = {isa = PBXFileReference; fileEncoding = 4; lastKnownFileType = sourcecode.c.h; path = LNRefreshFooter.h; sourceTree = "<group>"; };
		AFC94BAF1F16157300D635BC /* LNRefreshFooter.m */ = {isa = PBXFileReference; fileEncoding = 4; lastKnownFileType = sourcecode.c.objc; path = LNRefreshFooter.m; sourceTree = "<group>"; };
		AFC94BB61F16397600D635BC /* HomeVC.h */ = {isa = PBXFileReference; fileEncoding = 4; lastKnownFileType = sourcecode.c.h; path = HomeVC.h; sourceTree = "<group>"; };
		AFC94BB71F16397600D635BC /* HomeVC.m */ = {isa = PBXFileReference; fileEncoding = 4; lastKnownFileType = sourcecode.c.objc; path = HomeVC.m; sourceTree = "<group>"; };
		AFC94BB91F17209D00D635BC /* LNHeaderAnimator.h */ = {isa = PBXFileReference; fileEncoding = 4; lastKnownFileType = sourcecode.c.h; path = LNHeaderAnimator.h; sourceTree = "<group>"; };
		AFC94BBA1F17209D00D635BC /* LNHeaderAnimator.m */ = {isa = PBXFileReference; fileEncoding = 4; lastKnownFileType = sourcecode.c.objc; path = LNHeaderAnimator.m; sourceTree = "<group>"; };
		AFC94BBD1F1720B300D635BC /* LNFooterAnimator.h */ = {isa = PBXFileReference; fileEncoding = 4; lastKnownFileType = sourcecode.c.h; path = LNFooterAnimator.h; sourceTree = "<group>"; };
		AFC94BBE1F1720B300D635BC /* LNFooterAnimator.m */ = {isa = PBXFileReference; fileEncoding = 4; lastKnownFileType = sourcecode.c.objc; path = LNFooterAnimator.m; sourceTree = "<group>"; };
		AFEDEA121F220315003EBEA8 /* LNRefreshHandler.h */ = {isa = PBXFileReference; fileEncoding = 4; lastKnownFileType = sourcecode.c.h; path = LNRefreshHandler.h; sourceTree = "<group>"; };
		AFEDEA131F220315003EBEA8 /* LNRefreshHandler.m */ = {isa = PBXFileReference; fileEncoding = 4; lastKnownFileType = sourcecode.c.objc; path = LNRefreshHandler.m; sourceTree = "<group>"; };
		AFFF4C781F219EBA009B4736 /* LNRefresh.bundle */ = {isa = PBXFileReference; explicitFileType = wrapper.cfbundle; includeInIndex = 0; path = LNRefresh.bundle; sourceTree = BUILT_PRODUCTS_DIR; };
		AFFF4C7A1F219EBA009B4736 /* Info.plist */ = {isa = PBXFileReference; lastKnownFileType = text.plist.xml; path = Info.plist; sourceTree = "<group>"; };
		AFFF4C7E1F219EEF009B4736 /* refresh_arrow.png */ = {isa = PBXFileReference; lastKnownFileType = image.png; path = refresh_arrow.png; sourceTree = "<group>"; };
/* End PBXFileReference section */

/* Begin PBXFrameworksBuildPhase section */
		AF29B5741F0C900300348F99 /* Frameworks */ = {
			isa = PBXFrameworksBuildPhase;
			buildActionMask = 2147483647;
			files = (
			);
			runOnlyForDeploymentPostprocessing = 0;
		};
		AFC94B6D1F14CB5600D635BC /* Frameworks */ = {
			isa = PBXFrameworksBuildPhase;
			buildActionMask = 2147483647;
			files = (
				AF1F98FD1F1C63590074E638 /* LNRefresh.framework in Frameworks */,
			);
			runOnlyForDeploymentPostprocessing = 0;
		};
		AFFF4C751F219EBA009B4736 /* Frameworks */ = {
			isa = PBXFrameworksBuildPhase;
			buildActionMask = 2147483647;
			files = (
			);
			runOnlyForDeploymentPostprocessing = 0;
		};
/* End PBXFrameworksBuildPhase section */

/* Begin PBXGroup section */
		AF15ECA71F4EBDCA0010973D /* LNHeaderDIYAnimator */ = {
			isa = PBXGroup;
			children = (
				AF15ECA81F4EBDCA0010973D /* LNHeaderDIYAnimator.h */,
				AF15ECA91F4EBDCA0010973D /* LNHeaderDIYAnimator.m */,
				AF15ECAA1F4EBDCA0010973D /* YLoadingPanel.h */,
				AF15ECAB1F4EBDCA0010973D /* YLoadingPanel.m */,
			);
			path = LNHeaderDIYAnimator;
			sourceTree = "<group>";
		};
		AF15ECB01F4ECF1A0010973D /* LNHeaderJDAnimator */ = {
			isa = PBXGroup;
			children = (
				AF15ECB11F4ECF4A0010973D /* LNHeaderJDAnimator.h */,
				AF15ECB21F4ECF4A0010973D /* LNHeaderJDAnimator.m */,
			);
			path = LNHeaderJDAnimator;
			sourceTree = "<group>";
		};
		AF15ECB81F4FBC5F0010973D /* LNHeaderTmallAnimator */ = {
			isa = PBXGroup;
			children = (
				AF15ECD01F4FC3D80010973D /* Tmall */,
				AF15ECB91F4FBC6B0010973D /* LNHeaderTmallAnimator.h */,
				AF15ECBA1F4FBC6B0010973D /* LNHeaderTmallAnimator.m */,
				AF15ECD91F4FC8F60010973D /* UIImage+animatedGIF.h */,
				AF15ECDA1F4FC8F60010973D /* UIImage+animatedGIF.m */,
			);
			path = LNHeaderTmallAnimator;
			sourceTree = "<group>";
		};
		AF15ECC21F4FBD020010973D /* LNHeaderKaolaAnimator */ = {
			isa = PBXGroup;
			children = (
				AF15ECC31F4FBD020010973D /* LNHeaderKaolaAnimator.h */,
				AF15ECC41F4FBD020010973D /* LNHeaderKaolaAnimator.m */,
			);
			path = LNHeaderKaolaAnimator;
			sourceTree = "<group>";
		};
		AF15ECC51F4FBD020010973D /* LNHeaderTaobaoAnimator */ = {
			isa = PBXGroup;
			children = (
				AF15ECCD1F4FBD5A0010973D /* LNHeaderTaobaoAnimator.h */,
				AF15ECCE1F4FBD5A0010973D /* LNHeaderTaobaoAnimator.m */,
			);
			path = LNHeaderTaobaoAnimator;
			sourceTree = "<group>";
		};
		AF15ECD01F4FC3D80010973D /* Tmall */ = {
			isa = PBXGroup;
			children = (
				AF15ECD11F4FC3D80010973D /* frontpage_refresh@2x.gif */,
				AF15ECD21F4FC3D80010973D /* frontpage_refresh@3x.gif */,
				AF15ECD31F4FC3D80010973D /* frontpage_refresh_release@2x.gif */,
				AF15ECD41F4FC3D80010973D /* frontpage_refresh_release@3x.gif */,
			);
			path = Tmall;
			sourceTree = "<group>";
		};
		AF1F991B1F2077D80074E638 /* LNRefreshAnalysis */ = {
			isa = PBXGroup;
			children = (
				AF1F991C1F2077D80074E638 /* LNHeaderAnimator+Analysis.h */,
				AF1F991D1F2077D80074E638 /* LNHeaderAnimator+Analysis.m */,
			);
			path = LNRefreshAnalysis;
			sourceTree = "<group>";
		};
		AF29B56E1F0C900300348F99 = {
			isa = PBXGroup;
			children = (
				AF29B57A1F0C900300348F99 /* LNRefresh */,
				AFC94B711F14CB5700D635BC /* LNRefreshDemo */,
				AFFF4C791F219EBA009B4736 /* LNRefresh-Resources */,
				AF29B5791F0C900300348F99 /* Products */,
			);
			sourceTree = "<group>";
		};
		AF29B5791F0C900300348F99 /* Products */ = {
			isa = PBXGroup;
			children = (
				AF29B5781F0C900300348F99 /* LNRefresh.framework */,
				AFC94B701F14CB5600D635BC /* LNRefreshDemo.app */,
				AFFF4C781F219EBA009B4736 /* LNRefresh.bundle */,
			);
			name = Products;
			sourceTree = "<group>";
		};
		AF29B57A1F0C900300348F99 /* LNRefresh */ = {
			isa = PBXGroup;
			children = (
				AF29B57C1F0C900300348F99 /* Info.plist */,
				AF29B57B1F0C900300348F99 /* LNRefresh.h */,
				AF29B5B71F0C9CCD00348F99 /* LNRefresh */,
			);
			path = LNRefresh;
			sourceTree = "<group>";
		};
		AF29B5B71F0C9CCD00348F99 /* LNRefresh */ = {
			isa = PBXGroup;
			children = (
				AF15ECA71F4EBDCA0010973D /* LNHeaderDIYAnimator */,
				AFC94B471F1470C800D635BC /* LNRefreshComponent.h */,
				AFC94B481F1470C800D635BC /* LNRefreshComponent.m */,
				AFC94BA31F14D0BE00D635BC /* LNRefreshAnimator.h */,
				AFC94BA41F14D0BE00D635BC /* LNRefreshAnimator.m */,
				AF29B5C21F0CC04600348F99 /* NSObject+LNRefresh.h */,
				AF29B5C31F0CC04600348F99 /* NSObject+LNRefresh.m */,
				AFC94BAA1F16154C00D635BC /* LNRefreshHeader.h */,
				AFC94BAB1F16154C00D635BC /* LNRefreshHeader.m */,
				AFC94BAE1F16157300D635BC /* LNRefreshFooter.h */,
				AFC94BAF1F16157300D635BC /* LNRefreshFooter.m */,
				AFC94BB91F17209D00D635BC /* LNHeaderAnimator.h */,
				AFC94BBA1F17209D00D635BC /* LNHeaderAnimator.m */,
				AFC94BBD1F1720B300D635BC /* LNFooterAnimator.h */,
				AFC94BBE1F1720B300D635BC /* LNFooterAnimator.m */,
				AFEDEA121F220315003EBEA8 /* LNRefreshHandler.h */,
				AFEDEA131F220315003EBEA8 /* LNRefreshHandler.m */,
				AF6450E51F32C0B700DB8520 /* LNRefreshConst.h */,
				AF6450E61F32C0B700DB8520 /* LNRefreshConst.m */,
			);
			path = LNRefresh;
			sourceTree = "<group>";
		};
		AF3349FF1F56FC88004B1A1F /* LNHeaderToutiaoAnimator */ = {
			isa = PBXGroup;
			children = (
				AF334A001F56FC9C004B1A1F /* LNHeaderToutiaoAnimator.h */,
				AF334A011F56FC9C004B1A1F /* LNHeaderToutiaoAnimator.m */,
			);
			path = LNHeaderToutiaoAnimator;
			sourceTree = "<group>";
		};
		AF334A141F596621004B1A1F /* LNHeaderFeizhuAnimator */ = {
			isa = PBXGroup;
			children = (
				AF334A181F5973FB004B1A1F /* Feizhu */,
				AF334A151F59662E004B1A1F /* LNHeaderFeizhuAnimator.h */,
				AF334A161F59662E004B1A1F /* LNHeaderFeizhuAnimator.m */,
			);
			path = LNHeaderFeizhuAnimator;
			sourceTree = "<group>";
		};
		AF334A181F5973FB004B1A1F /* Feizhu */ = {
			isa = PBXGroup;
			children = (
				AF334A191F5973FB004B1A1F /* feizhu_pull_refresh.gif */,
			);
			path = Feizhu;
			sourceTree = "<group>";
		};
		AFB97EEF1F53C10400D6629F /* LNHeaderMeituanAnimator */ = {
			isa = PBXGroup;
			children = (
				AFB97EF11F53C12100D6629F /* LNHeaderMeituanAnimator.h */,
				AFB97EF21F53C12100D6629F /* LNHeaderMeituanAnimator.m */,
			);
			path = LNHeaderMeituanAnimator;
			sourceTree = "<group>";
		};
		AFB97EF71F53FC3000D6629F /* LNHeaderNetEaseNewsAnimator */ = {
			isa = PBXGroup;
			children = (
				AFB97EF81F53FC3B00D6629F /* LNHeaderNetEaseNewsAnimator.h */,
				AFB97EF91F53FC3B00D6629F /* LNHeaderNetEaseNewsAnimator.m */,
			);
			path = LNHeaderNetEaseNewsAnimator;
			sourceTree = "<group>";
		};
		AFC94B711F14CB5700D635BC /* LNRefreshDemo */ = {
			isa = PBXGroup;
			children = (
				AF334A141F596621004B1A1F /* LNHeaderFeizhuAnimator */,
				AF3349FF1F56FC88004B1A1F /* LNHeaderToutiaoAnimator */,
				AFB97EF71F53FC3000D6629F /* LNHeaderNetEaseNewsAnimator */,
				AFB97EEF1F53C10400D6629F /* LNHeaderMeituanAnimator */,
				AF15ECC21F4FBD020010973D /* LNHeaderKaolaAnimator */,
				AF15ECC51F4FBD020010973D /* LNHeaderTaobaoAnimator */,
				AF15ECB81F4FBC5F0010973D /* LNHeaderTmallAnimator */,
				AF15ECB01F4ECF1A0010973D /* LNHeaderJDAnimator */,
				AF1F991B1F2077D80074E638 /* LNRefreshAnalysis */,
				AFC94BB61F16397600D635BC /* HomeVC.h */,
				AFC94BB71F16397600D635BC /* HomeVC.m */,
				AF1F98FE1F1CAA660074E638 /* DemoVC.h */,
				AF1F98FF1F1CAA660074E638 /* DemoVC.m */,
				AFC94B751F14CB5700D635BC /* AppDelegate.h */,
				AFC94B761F14CB5700D635BC /* AppDelegate.m */,
				AFC94B7B1F14CB5700D635BC /* Main.storyboard */,
				AFC94B801F14CB5700D635BC /* LaunchScreen.storyboard */,
				AFC94B831F14CB5700D635BC /* Info.plist */,
				AFA03C611F27546500896ED8 /* LNRefresh.bundle */,
				AFC94B7E1F14CB5700D635BC /* Assets.xcassets */,
				AFC94B721F14CB5700D635BC /* Supporting Files */,
			);
			path = LNRefreshDemo;
			sourceTree = "<group>";
		};
		AFC94B721F14CB5700D635BC /* Supporting Files */ = {
			isa = PBXGroup;
			children = (
				AFC94B731F14CB5700D635BC /* main.m */,
			);
			name = "Supporting Files";
			sourceTree = "<group>";
		};
		AFFF4C791F219EBA009B4736 /* LNRefresh-Resources */ = {
			isa = PBXGroup;
			children = (
				AFFF4C7A1F219EBA009B4736 /* Info.plist */,
				AFA03C571F272DAA00896ED8 /* lnrefresh.json */,
				AFFF4C7E1F219EEF009B4736 /* refresh_arrow.png */,
			);
			path = "LNRefresh-Resources";
			sourceTree = "<group>";
		};
/* End PBXGroup section */

/* Begin PBXHeadersBuildPhase section */
		AF29B5751F0C900300348F99 /* Headers */ = {
			isa = PBXHeadersBuildPhase;
			buildActionMask = 2147483647;
			files = (
				AF15ECAE1F4EBDCA0010973D /* YLoadingPanel.h in Headers */,
				AF29B5891F0C900300348F99 /* LNRefresh.h in Headers */,
				AF15ECAC1F4EBDCA0010973D /* LNHeaderDIYAnimator.h in Headers */,
				AF6450E71F32C0B700DB8520 /* LNRefreshConst.h in Headers */,
				AFEDEA141F220315003EBEA8 /* LNRefreshHandler.h in Headers */,
				AFC94BA51F14D0BE00D635BC /* LNRefreshAnimator.h in Headers */,
				AFC94BAC1F16154C00D635BC /* LNRefreshHeader.h in Headers */,
				AF29B5C41F0CC04600348F99 /* NSObject+LNRefresh.h in Headers */,
				AFC94BBF1F1720B300D635BC /* LNFooterAnimator.h in Headers */,
				AFC94BBB1F17209D00D635BC /* LNHeaderAnimator.h in Headers */,
				AFC94BB01F16157300D635BC /* LNRefreshFooter.h in Headers */,
				AFC94B491F1470C800D635BC /* LNRefreshComponent.h in Headers */,
			);
			runOnlyForDeploymentPostprocessing = 0;
		};
/* End PBXHeadersBuildPhase section */

/* Begin PBXNativeTarget section */
		AF29B5771F0C900300348F99 /* LNRefresh */ = {
			isa = PBXNativeTarget;
			buildConfigurationList = AF29B58C1F0C900300348F99 /* Build configuration list for PBXNativeTarget "LNRefresh" */;
			buildPhases = (
				AF29B5731F0C900300348F99 /* Sources */,
				AF29B5741F0C900300348F99 /* Frameworks */,
				AF29B5751F0C900300348F99 /* Headers */,
				AF29B5761F0C900300348F99 /* Resources */,
			);
			buildRules = (
			);
			dependencies = (
				AFEDEA031F21B08C003EBEA8 /* PBXTargetDependency */,
			);
			name = LNRefresh;
			productName = LNRefresh;
			productReference = AF29B5781F0C900300348F99 /* LNRefresh.framework */;
			productType = "com.apple.product-type.framework";
		};
		AFC94B6F1F14CB5600D635BC /* LNRefreshDemo */ = {
			isa = PBXNativeTarget;
			buildConfigurationList = AFC94B9A1F14CB5700D635BC /* Build configuration list for PBXNativeTarget "LNRefreshDemo" */;
			buildPhases = (
				AFC94B6C1F14CB5600D635BC /* Sources */,
				AFC94B6D1F14CB5600D635BC /* Frameworks */,
				AFC94B6E1F14CB5600D635BC /* Resources */,
			);
			buildRules = (
			);
			dependencies = (
			);
			name = LNRefreshDemo;
			productName = LNRefreshDemo;
			productReference = AFC94B701F14CB5600D635BC /* LNRefreshDemo.app */;
			productType = "com.apple.product-type.application";
		};
		AFFF4C771F219EBA009B4736 /* LNRefresh-Resources */ = {
			isa = PBXNativeTarget;
			buildConfigurationList = AFFF4C7D1F219EBA009B4736 /* Build configuration list for PBXNativeTarget "LNRefresh-Resources" */;
			buildPhases = (
				AFFF4C741F219EBA009B4736 /* Sources */,
				AFFF4C751F219EBA009B4736 /* Frameworks */,
				AFFF4C761F219EBA009B4736 /* Resources */,
			);
			buildRules = (
			);
			dependencies = (
			);
			name = "LNRefresh-Resources";
			productName = "LNRefresh-Resources";
			productReference = AFFF4C781F219EBA009B4736 /* LNRefresh.bundle */;
			productType = "com.apple.product-type.bundle";
		};
/* End PBXNativeTarget section */

/* Begin PBXProject section */
		AF29B56F1F0C900300348F99 /* Project object */ = {
			isa = PBXProject;
			attributes = {
				LastUpgradeCheck = 0830;
				ORGANIZATIONNAME = vvusu;
				TargetAttributes = {
					AF29B5771F0C900300348F99 = {
						CreatedOnToolsVersion = 8.3.3;
						ProvisioningStyle = Automatic;
					};
					AF29B5921F0C905000348F99 = {
						CreatedOnToolsVersion = 8.3.3;
						ProvisioningStyle = Automatic;
					};
					AFC94B6F1F14CB5600D635BC = {
						CreatedOnToolsVersion = 8.3.3;
						DevelopmentTeam = FDV8Q23A7X;
						ProvisioningStyle = Automatic;
					};
					AFFF4C771F219EBA009B4736 = {
						CreatedOnToolsVersion = 8.3.3;
						ProvisioningStyle = Automatic;
					};
				};
			};
			buildConfigurationList = AF29B5721F0C900300348F99 /* Build configuration list for PBXProject "LNRefresh" */;
			compatibilityVersion = "Xcode 3.2";
			developmentRegion = English;
			hasScannedForEncodings = 0;
			knownRegions = (
				en,
				Base,
			);
			mainGroup = AF29B56E1F0C900300348F99;
			productRefGroup = AF29B5791F0C900300348F99 /* Products */;
			projectDirPath = "";
			projectRoot = "";
			targets = (
				AF29B5771F0C900300348F99 /* LNRefresh */,
				AF29B5921F0C905000348F99 /* LNRefresh-Universal */,
				AFFF4C771F219EBA009B4736 /* LNRefresh-Resources */,
				AFC94B6F1F14CB5600D635BC /* LNRefreshDemo */,
			);
		};
/* End PBXProject section */

/* Begin PBXResourcesBuildPhase section */
		AF29B5761F0C900300348F99 /* Resources */ = {
			isa = PBXResourcesBuildPhase;
			buildActionMask = 2147483647;
			files = (
			);
			runOnlyForDeploymentPostprocessing = 0;
		};
		AFC94B6E1F14CB5600D635BC /* Resources */ = {
			isa = PBXResourcesBuildPhase;
			buildActionMask = 2147483647;
			files = (
				AF334A1A1F5973FB004B1A1F /* feizhu_pull_refresh.gif in Resources */,
				AFC94B7D1F14CB5700D635BC /* Main.storyboard in Resources */,
				AF15ECD61F4FC3D80010973D /* frontpage_refresh@3x.gif in Resources */,
				AF15ECD51F4FC3D80010973D /* frontpage_refresh@2x.gif in Resources */,
				AFA03C621F27546500896ED8 /* LNRefresh.bundle in Resources */,
				AF15ECD71F4FC3D80010973D /* frontpage_refresh_release@2x.gif in Resources */,
				AFC94B821F14CB5700D635BC /* LaunchScreen.storyboard in Resources */,
				AF15ECD81F4FC3D80010973D /* frontpage_refresh_release@3x.gif in Resources */,
				AFC94B7F1F14CB5700D635BC /* Assets.xcassets in Resources */,
			);
			runOnlyForDeploymentPostprocessing = 0;
		};
		AFFF4C761F219EBA009B4736 /* Resources */ = {
			isa = PBXResourcesBuildPhase;
			buildActionMask = 2147483647;
			files = (
				AFFF4C7F1F219EEF009B4736 /* refresh_arrow.png in Resources */,
				AFA03C581F272DAA00896ED8 /* lnrefresh.json in Resources */,
			);
			runOnlyForDeploymentPostprocessing = 0;
		};
/* End PBXResourcesBuildPhase section */

/* Begin PBXShellScriptBuildPhase section */
		AF29B5961F0C906900348F99 /* ShellScript */ = {
			isa = PBXShellScriptBuildPhase;
			buildActionMask = 2147483647;
			files = (
			);
			inputPaths = (
			);
			outputPaths = (
			);
			runOnlyForDeploymentPostprocessing = 0;
			shellPath = /bin/sh;
			shellScript = "Scripts/build-universal-framework.sh";
		};
/* End PBXShellScriptBuildPhase section */

/* Begin PBXSourcesBuildPhase section */
		AF29B5731F0C900300348F99 /* Sources */ = {
			isa = PBXSourcesBuildPhase;
			buildActionMask = 2147483647;
			files = (
				AF15ECAF1F4EBDCA0010973D /* YLoadingPanel.m in Sources */,
				AF15ECAD1F4EBDCA0010973D /* LNHeaderDIYAnimator.m in Sources */,
				AFC94BBC1F17209D00D635BC /* LNHeaderAnimator.m in Sources */,
				AFC94BC01F1720B300D635BC /* LNFooterAnimator.m in Sources */,
				AF29B5C51F0CC04600348F99 /* NSObject+LNRefresh.m in Sources */,
				AF6450E81F32C0B700DB8520 /* LNRefreshConst.m in Sources */,
				AFC94BA61F14D0BE00D635BC /* LNRefreshAnimator.m in Sources */,
				AFEDEA151F220315003EBEA8 /* LNRefreshHandler.m in Sources */,
				AFC94BB11F16157300D635BC /* LNRefreshFooter.m in Sources */,
				AFC94BAD1F16154C00D635BC /* LNRefreshHeader.m in Sources */,
				AFC94B4A1F1470C800D635BC /* LNRefreshComponent.m in Sources */,
			);
			runOnlyForDeploymentPostprocessing = 0;
		};
		AFC94B6C1F14CB5600D635BC /* Sources */ = {
			isa = PBXSourcesBuildPhase;
			buildActionMask = 2147483647;
			files = (
				AFC94BB81F16397600D635BC /* HomeVC.m in Sources */,
				AF334A021F56FC9C004B1A1F /* LNHeaderToutiaoAnimator.m in Sources */,
				AF1F991E1F2077D80074E638 /* LNHeaderAnimator+Analysis.m in Sources */,
				AF15ECCF1F4FBD5A0010973D /* LNHeaderTaobaoAnimator.m in Sources */,
				AFB97EFA1F53FC3B00D6629F /* LNHeaderNetEaseNewsAnimator.m in Sources */,
				AF15ECBB1F4FBC6B0010973D /* LNHeaderTmallAnimator.m in Sources */,
				AFB97EF31F53C12100D6629F /* LNHeaderMeituanAnimator.m in Sources */,
				AFC94B771F14CB5700D635BC /* AppDelegate.m in Sources */,
				AFC94B741F14CB5700D635BC /* main.m in Sources */,
				AF1F99001F1CAA660074E638 /* DemoVC.m in Sources */,
				AF334A171F59662E004B1A1F /* LNHeaderFeizhuAnimator.m in Sources */,
				AF15ECDB1F4FC8F60010973D /* UIImage+animatedGIF.m in Sources */,
				AF15ECC81F4FBD020010973D /* LNHeaderKaolaAnimator.m in Sources */,
				AF15ECB31F4ECF4A0010973D /* LNHeaderJDAnimator.m in Sources */,
			);
			runOnlyForDeploymentPostprocessing = 0;
		};
		AFFF4C741F219EBA009B4736 /* Sources */ = {
			isa = PBXSourcesBuildPhase;
			buildActionMask = 2147483647;
			files = (
			);
			runOnlyForDeploymentPostprocessing = 0;
		};
/* End PBXSourcesBuildPhase section */

/* Begin PBXTargetDependency section */
		AFEDEA011F21AF65003EBEA8 /* PBXTargetDependency */ = {
			isa = PBXTargetDependency;
			target = AF29B5771F0C900300348F99 /* LNRefresh */;
			targetProxy = AFEDEA001F21AF65003EBEA8 /* PBXContainerItemProxy */;
		};
		AFEDEA031F21B08C003EBEA8 /* PBXTargetDependency */ = {
			isa = PBXTargetDependency;
			target = AFFF4C771F219EBA009B4736 /* LNRefresh-Resources */;
			targetProxy = AFEDEA021F21B08C003EBEA8 /* PBXContainerItemProxy */;
		};
/* End PBXTargetDependency section */

/* Begin PBXVariantGroup section */
		AFC94B7B1F14CB5700D635BC /* Main.storyboard */ = {
			isa = PBXVariantGroup;
			children = (
				AFC94B7C1F14CB5700D635BC /* Base */,
				AFA03C5B1F2734BB00896ED8 /* zh-Hans */,
				AFA03C5D1F2734C000896ED8 /* zh-Hant */,
			);
			name = Main.storyboard;
			sourceTree = "<group>";
		};
		AFC94B801F14CB5700D635BC /* LaunchScreen.storyboard */ = {
			isa = PBXVariantGroup;
			children = (
				AFC94B811F14CB5700D635BC /* Base */,
				AFA03C5C1F2734BB00896ED8 /* zh-Hans */,
				AFA03C5E1F2734C100896ED8 /* zh-Hant */,
			);
			name = LaunchScreen.storyboard;
			sourceTree = "<group>";
		};
/* End PBXVariantGroup section */

/* Begin XCBuildConfiguration section */
		AF29B58A1F0C900300348F99 /* Debug */ = {
			isa = XCBuildConfiguration;
			buildSettings = {
				ALWAYS_SEARCH_USER_PATHS = NO;
				CLANG_ANALYZER_LOCALIZABILITY_NONLOCALIZED = YES;
				CLANG_ANALYZER_NONNULL = YES;
				CLANG_ANALYZER_NUMBER_OBJECT_CONVERSION = YES_AGGRESSIVE;
				CLANG_CXX_LANGUAGE_STANDARD = "gnu++0x";
				CLANG_CXX_LIBRARY = "libc++";
				CLANG_ENABLE_MODULES = YES;
				CLANG_ENABLE_OBJC_ARC = YES;
				CLANG_WARN_BOOL_CONVERSION = YES;
				CLANG_WARN_CONSTANT_CONVERSION = YES;
				CLANG_WARN_DIRECT_OBJC_ISA_USAGE = YES_ERROR;
				CLANG_WARN_DOCUMENTATION_COMMENTS = YES;
				CLANG_WARN_EMPTY_BODY = YES;
				CLANG_WARN_ENUM_CONVERSION = YES;
				CLANG_WARN_INFINITE_RECURSION = YES;
				CLANG_WARN_INT_CONVERSION = YES;
				CLANG_WARN_OBJC_ROOT_CLASS = YES_ERROR;
				CLANG_WARN_SUSPICIOUS_MOVE = YES;
				CLANG_WARN_UNREACHABLE_CODE = YES;
				CLANG_WARN__DUPLICATE_METHOD_MATCH = YES;
				"CODE_SIGN_IDENTITY[sdk=iphoneos*]" = "iPhone Developer";
				COPY_PHASE_STRIP = NO;
				CURRENT_PROJECT_VERSION = 1;
				DEBUG_INFORMATION_FORMAT = dwarf;
				ENABLE_STRICT_OBJC_MSGSEND = YES;
				ENABLE_TESTABILITY = YES;
				GCC_C_LANGUAGE_STANDARD = gnu99;
				GCC_DYNAMIC_NO_PIC = NO;
				GCC_NO_COMMON_BLOCKS = YES;
				GCC_OPTIMIZATION_LEVEL = 0;
				GCC_PREPROCESSOR_DEFINITIONS = (
					"DEBUG=1",
					"$(inherited)",
				);
				GCC_WARN_64_TO_32_BIT_CONVERSION = YES;
				GCC_WARN_ABOUT_RETURN_TYPE = YES_ERROR;
				GCC_WARN_UNDECLARED_SELECTOR = YES;
				GCC_WARN_UNINITIALIZED_AUTOS = YES_AGGRESSIVE;
				GCC_WARN_UNUSED_FUNCTION = YES;
				GCC_WARN_UNUSED_VARIABLE = YES;
				IPHONEOS_DEPLOYMENT_TARGET = 10.3;
				MTL_ENABLE_DEBUG_INFO = YES;
				ONLY_ACTIVE_ARCH = YES;
				SDKROOT = iphoneos;
				TARGETED_DEVICE_FAMILY = "1,2";
				VERSIONING_SYSTEM = "apple-generic";
				VERSION_INFO_PREFIX = "";
			};
			name = Debug;
		};
		AF29B58B1F0C900300348F99 /* Release */ = {
			isa = XCBuildConfiguration;
			buildSettings = {
				ALWAYS_SEARCH_USER_PATHS = NO;
				CLANG_ANALYZER_LOCALIZABILITY_NONLOCALIZED = YES;
				CLANG_ANALYZER_NONNULL = YES;
				CLANG_ANALYZER_NUMBER_OBJECT_CONVERSION = YES_AGGRESSIVE;
				CLANG_CXX_LANGUAGE_STANDARD = "gnu++0x";
				CLANG_CXX_LIBRARY = "libc++";
				CLANG_ENABLE_MODULES = YES;
				CLANG_ENABLE_OBJC_ARC = YES;
				CLANG_WARN_BOOL_CONVERSION = YES;
				CLANG_WARN_CONSTANT_CONVERSION = YES;
				CLANG_WARN_DIRECT_OBJC_ISA_USAGE = YES_ERROR;
				CLANG_WARN_DOCUMENTATION_COMMENTS = YES;
				CLANG_WARN_EMPTY_BODY = YES;
				CLANG_WARN_ENUM_CONVERSION = YES;
				CLANG_WARN_INFINITE_RECURSION = YES;
				CLANG_WARN_INT_CONVERSION = YES;
				CLANG_WARN_OBJC_ROOT_CLASS = YES_ERROR;
				CLANG_WARN_SUSPICIOUS_MOVE = YES;
				CLANG_WARN_UNREACHABLE_CODE = YES;
				CLANG_WARN__DUPLICATE_METHOD_MATCH = YES;
				"CODE_SIGN_IDENTITY[sdk=iphoneos*]" = "iPhone Developer";
				COPY_PHASE_STRIP = NO;
				CURRENT_PROJECT_VERSION = 1;
				DEBUG_INFORMATION_FORMAT = "dwarf-with-dsym";
				ENABLE_NS_ASSERTIONS = NO;
				ENABLE_STRICT_OBJC_MSGSEND = YES;
				GCC_C_LANGUAGE_STANDARD = gnu99;
				GCC_NO_COMMON_BLOCKS = YES;
				GCC_WARN_64_TO_32_BIT_CONVERSION = YES;
				GCC_WARN_ABOUT_RETURN_TYPE = YES_ERROR;
				GCC_WARN_UNDECLARED_SELECTOR = YES;
				GCC_WARN_UNINITIALIZED_AUTOS = YES_AGGRESSIVE;
				GCC_WARN_UNUSED_FUNCTION = YES;
				GCC_WARN_UNUSED_VARIABLE = YES;
				IPHONEOS_DEPLOYMENT_TARGET = 10.3;
				MTL_ENABLE_DEBUG_INFO = NO;
				SDKROOT = iphoneos;
				TARGETED_DEVICE_FAMILY = "1,2";
				VALIDATE_PRODUCT = YES;
				VERSIONING_SYSTEM = "apple-generic";
				VERSION_INFO_PREFIX = "";
			};
			name = Release;
		};
		AF29B58D1F0C900300348F99 /* Debug */ = {
			isa = XCBuildConfiguration;
			buildSettings = {
				CODE_SIGN_IDENTITY = "";
				DEFINES_MODULE = YES;
				DYLIB_COMPATIBILITY_VERSION = 1;
				DYLIB_CURRENT_VERSION = 1;
				DYLIB_INSTALL_NAME_BASE = "@rpath";
				ENABLE_BITCODE = YES;
				FRAMEWORK_SEARCH_PATHS = (
					"$(inherited)",
					"$(PROJECT_DIR)",
				);
				INFOPLIST_FILE = LNRefresh/Info.plist;
				INSTALL_PATH = "$(LOCAL_LIBRARY_DIR)/Frameworks";
				IPHONEOS_DEPLOYMENT_TARGET = 8.0;
				LD_RUNPATH_SEARCH_PATHS = "$(inherited) @executable_path/Frameworks @loader_path/Frameworks";
				MACH_O_TYPE = staticlib;
				OTHER_CFLAGS = "-fembed-bitcode";
				OTHER_LDFLAGS = "-all_load";
				PRODUCT_BUNDLE_IDENTIFIER = com.vvusu.xcode.LNRefresh;
				PRODUCT_NAME = "$(TARGET_NAME)";
				SKIP_INSTALL = YES;
			};
			name = Debug;
		};
		AF29B58E1F0C900300348F99 /* Release */ = {
			isa = XCBuildConfiguration;
			buildSettings = {
				CODE_SIGN_IDENTITY = "";
				DEFINES_MODULE = YES;
				DYLIB_COMPATIBILITY_VERSION = 1;
				DYLIB_CURRENT_VERSION = 1;
				DYLIB_INSTALL_NAME_BASE = "@rpath";
				ENABLE_BITCODE = YES;
				FRAMEWORK_SEARCH_PATHS = (
					"$(inherited)",
					"$(PROJECT_DIR)",
				);
				INFOPLIST_FILE = LNRefresh/Info.plist;
				INSTALL_PATH = "$(LOCAL_LIBRARY_DIR)/Frameworks";
				IPHONEOS_DEPLOYMENT_TARGET = 8.0;
				LD_RUNPATH_SEARCH_PATHS = "$(inherited) @executable_path/Frameworks @loader_path/Frameworks";
				MACH_O_TYPE = staticlib;
				OTHER_CFLAGS = "-fembed-bitcode";
				OTHER_LDFLAGS = "-all_load";
				PRODUCT_BUNDLE_IDENTIFIER = com.vvusu.xcode.LNRefresh;
				PRODUCT_NAME = "$(TARGET_NAME)";
				SKIP_INSTALL = YES;
			};
			name = Release;
		};
		AF29B5941F0C905000348F99 /* Debug */ = {
			isa = XCBuildConfiguration;
			buildSettings = {
				ENABLE_BITCODE = YES;
				IPHONEOS_DEPLOYMENT_TARGET = 8.0;
				MACH_O_TYPE = staticlib;
				PRODUCT_NAME = "$(TARGET_NAME)";
			};
			name = Debug;
		};
		AF29B5951F0C905000348F99 /* Release */ = {
			isa = XCBuildConfiguration;
			buildSettings = {
				ENABLE_BITCODE = YES;
				IPHONEOS_DEPLOYMENT_TARGET = 8.0;
				MACH_O_TYPE = staticlib;
				PRODUCT_NAME = "$(TARGET_NAME)";
			};
			name = Release;
		};
		AFC94B9B1F14CB5700D635BC /* Debug */ = {
			isa = XCBuildConfiguration;
			buildSettings = {
				ASSETCATALOG_COMPILER_APPICON_NAME = AppIcon;
				DEVELOPMENT_TEAM = FDV8Q23A7X;
				ENABLE_BITCODE = NO;
				INFOPLIST_FILE = LNRefreshDemo/Info.plist;
				IPHONEOS_DEPLOYMENT_TARGET = 8.0;
				LD_RUNPATH_SEARCH_PATHS = "$(inherited) @executable_path/Frameworks";
				OTHER_LDFLAGS = "-ObjC";
				PRODUCT_BUNDLE_IDENTIFIER = com.vvusu.LNRefreshDemo;
				PRODUCT_NAME = "$(TARGET_NAME)";
			};
			name = Debug;
		};
		AFC94B9C1F14CB5700D635BC /* Release */ = {
			isa = XCBuildConfiguration;
			buildSettings = {
				ASSETCATALOG_COMPILER_APPICON_NAME = AppIcon;
				DEVELOPMENT_TEAM = FDV8Q23A7X;
				ENABLE_BITCODE = NO;
				INFOPLIST_FILE = LNRefreshDemo/Info.plist;
				IPHONEOS_DEPLOYMENT_TARGET = 8.0;
				LD_RUNPATH_SEARCH_PATHS = "$(inherited) @executable_path/Frameworks";
				OTHER_LDFLAGS = "-ObjC";
				PRODUCT_BUNDLE_IDENTIFIER = com.vvusu.LNRefreshDemo;
				PRODUCT_NAME = "$(TARGET_NAME)";
			};
			name = Release;
		};
		AFFF4C7B1F219EBA009B4736 /* Debug */ = {
			isa = XCBuildConfiguration;
			buildSettings = {
				CODE_SIGN_IDENTITY = "-";
				COMBINE_HIDPI_IMAGES = NO;
				CONFIGURATION_BUILD_DIR = ../build;
				ENABLE_BITCODE = NO;
				INFOPLIST_FILE = "";
				INSTALL_PATH = "";
				IPHONEOS_DEPLOYMENT_TARGET = 8.0;
				MACOSX_DEPLOYMENT_TARGET = 10.12;
				PRODUCT_BUNDLE_IDENTIFIER = "com.vvusu.xcode.LNRefresh-Resources";
				PRODUCT_NAME = LNRefresh;
				SDKROOT = iphoneos;
				SKIP_INSTALL = YES;
				TARGETED_DEVICE_FAMILY = "1,2";
				WRAPPER_EXTENSION = bundle;
			};
			name = Debug;
		};
		AFFF4C7C1F219EBA009B4736 /* Release */ = {
			isa = XCBuildConfiguration;
			buildSettings = {
				CODE_SIGN_IDENTITY = "-";
				COMBINE_HIDPI_IMAGES = NO;
				CONFIGURATION_BUILD_DIR = ../build;
				ENABLE_BITCODE = NO;
				INFOPLIST_FILE = "";
				INSTALL_PATH = "";
				IPHONEOS_DEPLOYMENT_TARGET = 8.0;
				MACOSX_DEPLOYMENT_TARGET = 10.12;
				PRODUCT_BUNDLE_IDENTIFIER = "com.vvusu.xcode.LNRefresh-Resources";
				PRODUCT_NAME = LNRefresh;
				SDKROOT = iphoneos;
				SKIP_INSTALL = YES;
				TARGETED_DEVICE_FAMILY = "1,2";
				WRAPPER_EXTENSION = bundle;
			};
			name = Release;
		};
/* End XCBuildConfiguration section */

/* Begin XCConfigurationList section */
		AF29B5721F0C900300348F99 /* Build configuration list for PBXProject "LNRefresh" */ = {
			isa = XCConfigurationList;
			buildConfigurations = (
				AF29B58A1F0C900300348F99 /* Debug */,
				AF29B58B1F0C900300348F99 /* Release */,
			);
			defaultConfigurationIsVisible = 0;
			defaultConfigurationName = Release;
		};
		AF29B58C1F0C900300348F99 /* Build configuration list for PBXNativeTarget "LNRefresh" */ = {
			isa = XCConfigurationList;
			buildConfigurations = (
				AF29B58D1F0C900300348F99 /* Debug */,
				AF29B58E1F0C900300348F99 /* Release */,
			);
			defaultConfigurationIsVisible = 0;
			defaultConfigurationName = Release;
		};
		AF29B5931F0C905000348F99 /* Build configuration list for PBXAggregateTarget "LNRefresh-Universal" */ = {
			isa = XCConfigurationList;
			buildConfigurations = (
				AF29B5941F0C905000348F99 /* Debug */,
				AF29B5951F0C905000348F99 /* Release */,
			);
			defaultConfigurationIsVisible = 0;
			defaultConfigurationName = Release;
		};
		AFC94B9A1F14CB5700D635BC /* Build configuration list for PBXNativeTarget "LNRefreshDemo" */ = {
			isa = XCConfigurationList;
			buildConfigurations = (
				AFC94B9B1F14CB5700D635BC /* Debug */,
				AFC94B9C1F14CB5700D635BC /* Release */,
			);
			defaultConfigurationIsVisible = 0;
			defaultConfigurationName = Release;
		};
		AFFF4C7D1F219EBA009B4736 /* Build configuration list for PBXNativeTarget "LNRefresh-Resources" */ = {
			isa = XCConfigurationList;
			buildConfigurations = (
				AFFF4C7B1F219EBA009B4736 /* Debug */,
				AFFF4C7C1F219EBA009B4736 /* Release */,
			);
			defaultConfigurationIsVisible = 0;
			defaultConfigurationName = Release;
		};
/* End XCConfigurationList section */
	};
	rootObject = AF29B56F1F0C900300348F99 /* Project object */;
}
