// !$*UTF8*$!
{
	archiveVersion = 1;
	classes = {
	};
	objectVersion = 50;
	objects = {

/* Begin PBXBuildFile section */
		38D188680249D28B9CA1CE0B /* Pods_LNRefreshDemoUITests.framework in Frameworks */ = {isa = PBXBuildFile; fileRef = DFB471E7CDE1BAB088E2844F /* Pods_LNRefreshDemoUITests.framework */; };
		57618BA809A3DEEAB37797FE /* Pods_LNRefreshDemoTests.framework in Frameworks */ = {isa = PBXBuildFile; fileRef = 298AF863DD85C69C2926DB09 /* Pods_LNRefreshDemoTests.framework */; };
		AF348DB922A129F000B26FE7 /* AppDelegate.m in Sources */ = {isa = PBXBuildFile; fileRef = AF348DB822A129F000B26FE7 /* AppDelegate.m */; };
		AF348DBF22A129F000B26FE7 /* Main.storyboard in Resources */ = {isa = PBXBuildFile; fileRef = AF348DBD22A129F000B26FE7 /* Main.storyboard */; };
		AF348DC122A129F100B26FE7 /* Assets.xcassets in Resources */ = {isa = PBXBuildFile; fileRef = AF348DC022A129F100B26FE7 /* Assets.xcassets */; };
		AF348DC422A129F100B26FE7 /* LaunchScreen.storyboard in Resources */ = {isa = PBXBuildFile; fileRef = AF348DC222A129F100B26FE7 /* LaunchScreen.storyboard */; };
		AF348DC722A129F100B26FE7 /* main.m in Sources */ = {isa = PBXBuildFile; fileRef = AF348DC622A129F100B26FE7 /* main.m */; };
		AF348DD122A129F100B26FE7 /* LNRefreshDemoTests.m in Sources */ = {isa = PBXBuildFile; fileRef = AF348DD022A129F100B26FE7 /* LNRefreshDemoTests.m */; };
		AF348DDC22A129F100B26FE7 /* LNRefreshDemoUITests.m in Sources */ = {isa = PBXBuildFile; fileRef = AF348DDB22A129F100B26FE7 /* LNRefreshDemoUITests.m */; };
		AF348E1522A12B1800B26FE7 /* LNHeaderFeizhuAnimator.m in Sources */ = {isa = PBXBuildFile; fileRef = AF348DEB22A12B1800B26FE7 /* LNHeaderFeizhuAnimator.m */; };
		AF348E1622A12B1800B26FE7 /* feizhu_pull_refresh.gif in Resources */ = {isa = PBXBuildFile; fileRef = AF348DEC22A12B1800B26FE7 /* feizhu_pull_refresh.gif */; };
		AF348E1722A12B1800B26FE7 /* LNHeaderTaobaoAnimator.m in Sources */ = {isa = PBXBuildFile; fileRef = AF348DEF22A12B1800B26FE7 /* LNHeaderTaobaoAnimator.m */; };
		AF348E1822A12B1800B26FE7 /* LNHeaderNetEaseNewsAnimator.m in Sources */ = {isa = PBXBuildFile; fileRef = AF348DF322A12B1800B26FE7 /* LNHeaderNetEaseNewsAnimator.m */; };
		AF348E1922A12B1800B26FE7 /* YLoadingPanel.m in Sources */ = {isa = PBXBuildFile; fileRef = AF348DF722A12B1800B26FE7 /* YLoadingPanel.m */; };
		AF348E1A22A12B1800B26FE7 /* LNHeaderDIYAnimator.m in Sources */ = {isa = PBXBuildFile; fileRef = AF348DF822A12B1800B26FE7 /* LNHeaderDIYAnimator.m */; };
		AF348E1B22A12B1800B26FE7 /* LNHeaderJDAnimator.m in Sources */ = {isa = PBXBuildFile; fileRef = AF348DFB22A12B1800B26FE7 /* LNHeaderJDAnimator.m */; };
		AF348E1C22A12B1800B26FE7 /* LNHeaderKaolaAnimator.m in Sources */ = {isa = PBXBuildFile; fileRef = AF348DFE22A12B1800B26FE7 /* LNHeaderKaolaAnimator.m */; };
		AF348E1D22A12B1800B26FE7 /* LNHeaderTmallAnimator.m in Sources */ = {isa = PBXBuildFile; fileRef = AF348E0022A12B1800B26FE7 /* LNHeaderTmallAnimator.m */; };
		AF348E1E22A12B1800B26FE7 /* frontpage_refresh_release@2x.gif in Resources */ = {isa = PBXBuildFile; fileRef = AF348E0222A12B1800B26FE7 /* frontpage_refresh_release@2x.gif */; };
		AF348E1F22A12B1800B26FE7 /* frontpage_refresh_release@3x.gif in Resources */ = {isa = PBXBuildFile; fileRef = AF348E0322A12B1800B26FE7 /* frontpage_refresh_release@3x.gif */; };
		AF348E2022A12B1800B26FE7 /* frontpage_refresh@3x.gif in Resources */ = {isa = PBXBuildFile; fileRef = AF348E0422A12B1800B26FE7 /* frontpage_refresh@3x.gif */; };
		AF348E2122A12B1800B26FE7 /* frontpage_refresh@2x.gif in Resources */ = {isa = PBXBuildFile; fileRef = AF348E0522A12B1800B26FE7 /* frontpage_refresh@2x.gif */; };
		AF348E2222A12B1800B26FE7 /* UIImage+animatedGIF.m in Sources */ = {isa = PBXBuildFile; fileRef = AF348E0822A12B1800B26FE7 /* UIImage+animatedGIF.m */; };
		AF348E2322A12B1800B26FE7 /* LNHeaderMeituanAnimator.m in Sources */ = {isa = PBXBuildFile; fileRef = AF348E0A22A12B1800B26FE7 /* LNHeaderMeituanAnimator.m */; };
		AF348E2422A12B1800B26FE7 /* LNHeaderELEAnimator.m in Sources */ = {isa = PBXBuildFile; fileRef = AF348E0E22A12B1800B26FE7 /* LNHeaderELEAnimator.m */; };
		AF348E2522A12B1800B26FE7 /* LNHeaderToutiaoAnimator.m in Sources */ = {isa = PBXBuildFile; fileRef = AF348E1122A12B1800B26FE7 /* LNHeaderToutiaoAnimator.m */; };
		AF348E2622A12B1800B26FE7 /* LNHeaderAnimator+Analysis.m in Sources */ = {isa = PBXBuildFile; fileRef = AF348E1422A12B1800B26FE7 /* LNHeaderAnimator+Analysis.m */; };
		AF348E2B22A12B3500B26FE7 /* HomeVC.m in Sources */ = {isa = PBXBuildFile; fileRef = AF348E2722A12B3500B26FE7 /* HomeVC.m */; };
		AF348E2C22A12B3500B26FE7 /* DemoVC.m in Sources */ = {isa = PBXBuildFile; fileRef = AF348E2822A12B3500B26FE7 /* DemoVC.m */; };
		E38239FD50DB2953962999F2 /* Pods_LNRefreshDemo.framework in Frameworks */ = {isa = PBXBuildFile; fileRef = 5166645975177FFA973B348F /* Pods_LNRefreshDemo.framework */; };
/* End PBXBuildFile section */

/* Begin PBXContainerItemProxy section */
		AF348DCD22A129F100B26FE7 /* PBXContainerItemProxy */ = {
			isa = PBXContainerItemProxy;
			containerPortal = AF348DAC22A129F000B26FE7 /* Project object */;
			proxyType = 1;
			remoteGlobalIDString = AF348DB322A129F000B26FE7;
			remoteInfo = LNRefreshDemo;
		};
		AF348DD822A129F100B26FE7 /* PBXContainerItemProxy */ = {
			isa = PBXContainerItemProxy;
			containerPortal = AF348DAC22A129F000B26FE7 /* Project object */;
			proxyType = 1;
			remoteGlobalIDString = AF348DB322A129F000B26FE7;
			remoteInfo = LNRefreshDemo;
		};
/* End PBXContainerItemProxy section */

/* Begin PBXFileReference section */
		10A82066B4E46B2713FF8D4A /* Pods-LNRefreshDemoUITests.debug.xcconfig */ = {isa = PBXFileReference; includeInIndex = 1; lastKnownFileType = text.xcconfig; name = "Pods-LNRefreshDemoUITests.debug.xcconfig"; path = "Target Support Files/Pods-LNRefreshDemoUITests/Pods-LNRefreshDemoUITests.debug.xcconfig"; sourceTree = "<group>"; };
		18D215F8D4302C4D1466F899 /* Pods-LNRefreshDemoUITests.release.xcconfig */ = {isa = PBXFileReference; includeInIndex = 1; lastKnownFileType = text.xcconfig; name = "Pods-LNRefreshDemoUITests.release.xcconfig"; path = "Target Support Files/Pods-LNRefreshDemoUITests/Pods-LNRefreshDemoUITests.release.xcconfig"; sourceTree = "<group>"; };
		298AF863DD85C69C2926DB09 /* Pods_LNRefreshDemoTests.framework */ = {isa = PBXFileReference; explicitFileType = wrapper.framework; includeInIndex = 0; path = Pods_LNRefreshDemoTests.framework; sourceTree = BUILT_PRODUCTS_DIR; };
		5166645975177FFA973B348F /* Pods_LNRefreshDemo.framework */ = {isa = PBXFileReference; explicitFileType = wrapper.framework; includeInIndex = 0; path = Pods_LNRefreshDemo.framework; sourceTree = BUILT_PRODUCTS_DIR; };
		82C5DFBB950053F239B50713 /* Pods-LNRefreshDemoTests.release.xcconfig */ = {isa = PBXFileReference; includeInIndex = 1; lastKnownFileType = text.xcconfig; name = "Pods-LNRefreshDemoTests.release.xcconfig"; path = "Target Support Files/Pods-LNRefreshDemoTests/Pods-LNRefreshDemoTests.release.xcconfig"; sourceTree = "<group>"; };
		AF348DB422A129F000B26FE7 /* LNRefreshDemo.app */ = {isa = PBXFileReference; explicitFileType = wrapper.application; includeInIndex = 0; path = LNRefreshDemo.app; sourceTree = BUILT_PRODUCTS_DIR; };
		AF348DB722A129F000B26FE7 /* AppDelegate.h */ = {isa = PBXFileReference; lastKnownFileType = sourcecode.c.h; path = AppDelegate.h; sourceTree = "<group>"; };
		AF348DB822A129F000B26FE7 /* AppDelegate.m */ = {isa = PBXFileReference; lastKnownFileType = sourcecode.c.objc; path = AppDelegate.m; sourceTree = "<group>"; };
		AF348DBE22A129F000B26FE7 /* Base */ = {isa = PBXFileReference; lastKnownFileType = file.storyboard; name = Base; path = Base.lproj/Main.storyboard; sourceTree = "<group>"; };
		AF348DC022A129F100B26FE7 /* Assets.xcassets */ = {isa = PBXFileReference; lastKnownFileType = folder.assetcatalog; path = Assets.xcassets; sourceTree = "<group>"; };
		AF348DC322A129F100B26FE7 /* Base */ = {isa = PBXFileReference; lastKnownFileType = file.storyboard; name = Base; path = Base.lproj/LaunchScreen.storyboard; sourceTree = "<group>"; };
		AF348DC522A129F100B26FE7 /* Info.plist */ = {isa = PBXFileReference; lastKnownFileType = text.plist.xml; path = Info.plist; sourceTree = "<group>"; };
		AF348DC622A129F100B26FE7 /* main.m */ = {isa = PBXFileReference; lastKnownFileType = sourcecode.c.objc; path = main.m; sourceTree = "<group>"; };
		AF348DCC22A129F100B26FE7 /* LNRefreshDemoTests.xctest */ = {isa = PBXFileReference; explicitFileType = wrapper.cfbundle; includeInIndex = 0; path = LNRefreshDemoTests.xctest; sourceTree = BUILT_PRODUCTS_DIR; };
		AF348DD022A129F100B26FE7 /* LNRefreshDemoTests.m */ = {isa = PBXFileReference; lastKnownFileType = sourcecode.c.objc; path = LNRefreshDemoTests.m; sourceTree = "<group>"; };
		AF348DD222A129F100B26FE7 /* Info.plist */ = {isa = PBXFileReference; lastKnownFileType = text.plist.xml; path = Info.plist; sourceTree = "<group>"; };
		AF348DD722A129F100B26FE7 /* LNRefreshDemoUITests.xctest */ = {isa = PBXFileReference; explicitFileType = wrapper.cfbundle; includeInIndex = 0; path = LNRefreshDemoUITests.xctest; sourceTree = BUILT_PRODUCTS_DIR; };
		AF348DDB22A129F100B26FE7 /* LNRefreshDemoUITests.m */ = {isa = PBXFileReference; lastKnownFileType = sourcecode.c.objc; path = LNRefreshDemoUITests.m; sourceTree = "<group>"; };
		AF348DDD22A129F100B26FE7 /* Info.plist */ = {isa = PBXFileReference; lastKnownFileType = text.plist.xml; path = Info.plist; sourceTree = "<group>"; };
		AF348DEB22A12B1800B26FE7 /* LNHeaderFeizhuAnimator.m */ = {isa = PBXFileReference; fileEncoding = 4; lastKnownFileType = sourcecode.c.objc; path = LNHeaderFeizhuAnimator.m; sourceTree = "<group>"; };
		AF348DEC22A12B1800B26FE7 /* feizhu_pull_refresh.gif */ = {isa = PBXFileReference; lastKnownFileType = image.gif; path = feizhu_pull_refresh.gif; sourceTree = "<group>"; };
		AF348DED22A12B1800B26FE7 /* LNHeaderFeizhuAnimator.h */ = {isa = PBXFileReference; fileEncoding = 4; lastKnownFileType = sourcecode.c.h; path = LNHeaderFeizhuAnimator.h; sourceTree = "<group>"; };
		AF348DEF22A12B1800B26FE7 /* LNHeaderTaobaoAnimator.m */ = {isa = PBXFileReference; fileEncoding = 4; lastKnownFileType = sourcecode.c.objc; path = LNHeaderTaobaoAnimator.m; sourceTree = "<group>"; };
		AF348DF022A12B1800B26FE7 /* LNHeaderTaobaoAnimator.h */ = {isa = PBXFileReference; fileEncoding = 4; lastKnownFileType = sourcecode.c.h; path = LNHeaderTaobaoAnimator.h; sourceTree = "<group>"; };
		AF348DF222A12B1800B26FE7 /* LNHeaderNetEaseNewsAnimator.h */ = {isa = PBXFileReference; fileEncoding = 4; lastKnownFileType = sourcecode.c.h; path = LNHeaderNetEaseNewsAnimator.h; sourceTree = "<group>"; };
		AF348DF322A12B1800B26FE7 /* LNHeaderNetEaseNewsAnimator.m */ = {isa = PBXFileReference; fileEncoding = 4; lastKnownFileType = sourcecode.c.objc; path = LNHeaderNetEaseNewsAnimator.m; sourceTree = "<group>"; };
		AF348DF522A12B1800B26FE7 /* YLoadingPanel.h */ = {isa = PBXFileReference; fileEncoding = 4; lastKnownFileType = sourcecode.c.h; path = YLoadingPanel.h; sourceTree = "<group>"; };
		AF348DF622A12B1800B26FE7 /* LNHeaderDIYAnimator.h */ = {isa = PBXFileReference; fileEncoding = 4; lastKnownFileType = sourcecode.c.h; path = LNHeaderDIYAnimator.h; sourceTree = "<group>"; };
		AF348DF722A12B1800B26FE7 /* YLoadingPanel.m */ = {isa = PBXFileReference; fileEncoding = 4; lastKnownFileType = sourcecode.c.objc; path = YLoadingPanel.m; sourceTree = "<group>"; };
		AF348DF822A12B1800B26FE7 /* LNHeaderDIYAnimator.m */ = {isa = PBXFileReference; fileEncoding = 4; lastKnownFileType = sourcecode.c.objc; path = LNHeaderDIYAnimator.m; sourceTree = "<group>"; };
		AF348DFA22A12B1800B26FE7 /* LNHeaderJDAnimator.h */ = {isa = PBXFileReference; fileEncoding = 4; lastKnownFileType = sourcecode.c.h; path = LNHeaderJDAnimator.h; sourceTree = "<group>"; };
		AF348DFB22A12B1800B26FE7 /* LNHeaderJDAnimator.m */ = {isa = PBXFileReference; fileEncoding = 4; lastKnownFileType = sourcecode.c.objc; path = LNHeaderJDAnimator.m; sourceTree = "<group>"; };
		AF348DFD22A12B1800B26FE7 /* LNHeaderKaolaAnimator.h */ = {isa = PBXFileReference; fileEncoding = 4; lastKnownFileType = sourcecode.c.h; path = LNHeaderKaolaAnimator.h; sourceTree = "<group>"; };
		AF348DFE22A12B1800B26FE7 /* LNHeaderKaolaAnimator.m */ = {isa = PBXFileReference; fileEncoding = 4; lastKnownFileType = sourcecode.c.objc; path = LNHeaderKaolaAnimator.m; sourceTree = "<group>"; };
		AF348E0022A12B1800B26FE7 /* LNHeaderTmallAnimator.m */ = {isa = PBXFileReference; fileEncoding = 4; lastKnownFileType = sourcecode.c.objc; path = LNHeaderTmallAnimator.m; sourceTree = "<group>"; };
		AF348E0222A12B1800B26FE7 /* frontpage_refresh_release@2x.gif */ = {isa = PBXFileReference; lastKnownFileType = image.gif; path = "frontpage_refresh_release@2x.gif"; sourceTree = "<group>"; };
		AF348E0322A12B1800B26FE7 /* frontpage_refresh_release@3x.gif */ = {isa = PBXFileReference; lastKnownFileType = image.gif; path = "frontpage_refresh_release@3x.gif"; sourceTree = "<group>"; };
		AF348E0422A12B1800B26FE7 /* frontpage_refresh@3x.gif */ = {isa = PBXFileReference; lastKnownFileType = image.gif; path = "frontpage_refresh@3x.gif"; sourceTree = "<group>"; };
		AF348E0522A12B1800B26FE7 /* frontpage_refresh@2x.gif */ = {isa = PBXFileReference; lastKnownFileType = image.gif; path = "frontpage_refresh@2x.gif"; sourceTree = "<group>"; };
		AF348E0622A12B1800B26FE7 /* UIImage+animatedGIF.h */ = {isa = PBXFileReference; fileEncoding = 4; lastKnownFileType = sourcecode.c.h; path = "UIImage+animatedGIF.h"; sourceTree = "<group>"; };
		AF348E0722A12B1800B26FE7 /* LNHeaderTmallAnimator.h */ = {isa = PBXFileReference; fileEncoding = 4; lastKnownFileType = sourcecode.c.h; path = LNHeaderTmallAnimator.h; sourceTree = "<group>"; };
		AF348E0822A12B1800B26FE7 /* UIImage+animatedGIF.m */ = {isa = PBXFileReference; fileEncoding = 4; lastKnownFileType = sourcecode.c.objc; path = "UIImage+animatedGIF.m"; sourceTree = "<group>"; };
		AF348E0A22A12B1800B26FE7 /* LNHeaderMeituanAnimator.m */ = {isa = PBXFileReference; fileEncoding = 4; lastKnownFileType = sourcecode.c.objc; path = LNHeaderMeituanAnimator.m; sourceTree = "<group>"; };
		AF348E0B22A12B1800B26FE7 /* LNHeaderMeituanAnimator.h */ = {isa = PBXFileReference; fileEncoding = 4; lastKnownFileType = sourcecode.c.h; path = LNHeaderMeituanAnimator.h; sourceTree = "<group>"; };
		AF348E0D22A12B1800B26FE7 /* LNHeaderELEAnimator.h */ = {isa = PBXFileReference; fileEncoding = 4; lastKnownFileType = sourcecode.c.h; path = LNHeaderELEAnimator.h; sourceTree = "<group>"; };
		AF348E0E22A12B1800B26FE7 /* LNHeaderELEAnimator.m */ = {isa = PBXFileReference; fileEncoding = 4; lastKnownFileType = sourcecode.c.objc; path = LNHeaderELEAnimator.m; sourceTree = "<group>"; };
		AF348E1022A12B1800B26FE7 /* LNHeaderToutiaoAnimator.h */ = {isa = PBXFileReference; fileEncoding = 4; lastKnownFileType = sourcecode.c.h; path = LNHeaderToutiaoAnimator.h; sourceTree = "<group>"; };
		AF348E1122A12B1800B26FE7 /* LNHeaderToutiaoAnimator.m */ = {isa = PBXFileReference; fileEncoding = 4; lastKnownFileType = sourcecode.c.objc; path = LNHeaderToutiaoAnimator.m; sourceTree = "<group>"; };
		AF348E1322A12B1800B26FE7 /* LNHeaderAnimator+Analysis.h */ = {isa = PBXFileReference; fileEncoding = 4; lastKnownFileType = sourcecode.c.h; path = "LNHeaderAnimator+Analysis.h"; sourceTree = "<group>"; };
		AF348E1422A12B1800B26FE7 /* LNHeaderAnimator+Analysis.m */ = {isa = PBXFileReference; fileEncoding = 4; lastKnownFileType = sourcecode.c.objc; path = "LNHeaderAnimator+Analysis.m"; sourceTree = "<group>"; };
		AF348E2722A12B3500B26FE7 /* HomeVC.m */ = {isa = PBXFileReference; fileEncoding = 4; lastKnownFileType = sourcecode.c.objc; path = HomeVC.m; sourceTree = "<group>"; };
		AF348E2822A12B3500B26FE7 /* DemoVC.m */ = {isa = PBXFileReference; fileEncoding = 4; lastKnownFileType = sourcecode.c.objc; path = DemoVC.m; sourceTree = "<group>"; };
		AF348E2922A12B3500B26FE7 /* HomeVC.h */ = {isa = PBXFileReference; fileEncoding = 4; lastKnownFileType = sourcecode.c.h; path = HomeVC.h; sourceTree = "<group>"; };
		AF348E2A22A12B3500B26FE7 /* DemoVC.h */ = {isa = PBXFileReference; fileEncoding = 4; lastKnownFileType = sourcecode.c.h; path = DemoVC.h; sourceTree = "<group>"; };
		AF91814E22A147830005C6A0 /* LNRefresh.framework */ = {isa = PBXFileReference; lastKnownFileType = wrapper.framework; name = LNRefresh.framework; path = ../../Build/LNRefresh.framework; sourceTree = "<group>"; };
		AF91815022A147D70005C6A0 /* LNRefresh.framework */ = {isa = PBXFileReference; lastKnownFileType = wrapper.framework; path = LNRefresh.framework; sourceTree = SOURCE_ROOT; };
		C8E46BD749BB040B44A2A3FB /* Pods-LNRefreshDemo.debug.xcconfig */ = {isa = PBXFileReference; includeInIndex = 1; lastKnownFileType = text.xcconfig; name = "Pods-LNRefreshDemo.debug.xcconfig"; path = "Target Support Files/Pods-LNRefreshDemo/Pods-LNRefreshDemo.debug.xcconfig"; sourceTree = "<group>"; };
		DFB471E7CDE1BAB088E2844F /* Pods_LNRefreshDemoUITests.framework */ = {isa = PBXFileReference; explicitFileType = wrapper.framework; includeInIndex = 0; path = Pods_LNRefreshDemoUITests.framework; sourceTree = BUILT_PRODUCTS_DIR; };
		E6E4ACCDA46189A66F336C30 /* Pods-LNRefreshDemoTests.debug.xcconfig */ = {isa = PBXFileReference; includeInIndex = 1; lastKnownFileType = text.xcconfig; name = "Pods-LNRefreshDemoTests.debug.xcconfig"; path = "Target Support Files/Pods-LNRefreshDemoTests/Pods-LNRefreshDemoTests.debug.xcconfig"; sourceTree = "<group>"; };
		FCE612566859B0FBE07A90DB /* Pods-LNRefreshDemo.release.xcconfig */ = {isa = PBXFileReference; includeInIndex = 1; lastKnownFileType = text.xcconfig; name = "Pods-LNRefreshDemo.release.xcconfig"; path = "Target Support Files/Pods-LNRefreshDemo/Pods-LNRefreshDemo.release.xcconfig"; sourceTree = "<group>"; };
/* End PBXFileReference section */

/* Begin PBXFrameworksBuildPhase section */
		AF348DB122A129F000B26FE7 /* Frameworks */ = {
			isa = PBXFrameworksBuildPhase;
			buildActionMask = 2147483647;
			files = (
				E38239FD50DB2953962999F2 /* Pods_LNRefreshDemo.framework in Frameworks */,
			);
			runOnlyForDeploymentPostprocessing = 0;
		};
		AF348DC922A129F100B26FE7 /* Frameworks */ = {
			isa = PBXFrameworksBuildPhase;
			buildActionMask = 2147483647;
			files = (
				57618BA809A3DEEAB37797FE /* Pods_LNRefreshDemoTests.framework in Frameworks */,
			);
			runOnlyForDeploymentPostprocessing = 0;
		};
		AF348DD422A129F100B26FE7 /* Frameworks */ = {
			isa = PBXFrameworksBuildPhase;
			buildActionMask = 2147483647;
			files = (
				38D188680249D28B9CA1CE0B /* Pods_LNRefreshDemoUITests.framework in Frameworks */,
			);
			runOnlyForDeploymentPostprocessing = 0;
		};
/* End PBXFrameworksBuildPhase section */

/* Begin PBXGroup section */
		8D9DF2D1B3078ADC26AE8DC3 /* Pods */ = {
			isa = PBXGroup;
			children = (
				C8E46BD749BB040B44A2A3FB /* Pods-LNRefreshDemo.debug.xcconfig */,
				FCE612566859B0FBE07A90DB /* Pods-LNRefreshDemo.release.xcconfig */,
				E6E4ACCDA46189A66F336C30 /* Pods-LNRefreshDemoTests.debug.xcconfig */,
				82C5DFBB950053F239B50713 /* Pods-LNRefreshDemoTests.release.xcconfig */,
				10A82066B4E46B2713FF8D4A /* Pods-LNRefreshDemoUITests.debug.xcconfig */,
				18D215F8D4302C4D1466F899 /* Pods-LNRefreshDemoUITests.release.xcconfig */,
			);
			path = Pods;
			sourceTree = "<group>";
		};
		A82B8CA3D58A8D68DB39DC13 /* Frameworks */ = {
			isa = PBXGroup;
			children = (
				AF91814E22A147830005C6A0 /* LNRefresh.framework */,
				5166645975177FFA973B348F /* Pods_LNRefreshDemo.framework */,
				298AF863DD85C69C2926DB09 /* Pods_LNRefreshDemoTests.framework */,
				DFB471E7CDE1BAB088E2844F /* Pods_LNRefreshDemoUITests.framework */,
			);
			name = Frameworks;
			sourceTree = "<group>";
		};
		AF348DAB22A129F000B26FE7 = {
			isa = PBXGroup;
			children = (
				AF348DB622A129F000B26FE7 /* LNRefreshDemo */,
				AF348DCF22A129F100B26FE7 /* LNRefreshDemoTests */,
				AF348DDA22A129F100B26FE7 /* LNRefreshDemoUITests */,
				AF348DB522A129F000B26FE7 /* Products */,
				8D9DF2D1B3078ADC26AE8DC3 /* Pods */,
				A82B8CA3D58A8D68DB39DC13 /* Frameworks */,
			);
			sourceTree = "<group>";
		};
		AF348DB522A129F000B26FE7 /* Products */ = {
			isa = PBXGroup;
			children = (
				AF348DB422A129F000B26FE7 /* LNRefreshDemo.app */,
				AF348DCC22A129F100B26FE7 /* LNRefreshDemoTests.xctest */,
				AF348DD722A129F100B26FE7 /* LNRefreshDemoUITests.xctest */,
			);
			name = Products;
			sourceTree = "<group>";
		};
		AF348DB622A129F000B26FE7 /* LNRefreshDemo */ = {
			isa = PBXGroup;
			children = (
				AF91815022A147D70005C6A0 /* LNRefresh.framework */,
				AF348E1222A12B1800B26FE7 /* LNRefreshAnalysis */,
				AF348DE922A12B1800B26FE7 /* LNHeaderAnimator */,
				AF348DB722A129F000B26FE7 /* AppDelegate.h */,
				AF348DB822A129F000B26FE7 /* AppDelegate.m */,
				AF348E2A22A12B3500B26FE7 /* DemoVC.h */,
				AF348E2822A12B3500B26FE7 /* DemoVC.m */,
				AF348E2922A12B3500B26FE7 /* HomeVC.h */,
				AF348E2722A12B3500B26FE7 /* HomeVC.m */,
				AF348DBD22A129F000B26FE7 /* Main.storyboard */,
				AF348DC022A129F100B26FE7 /* Assets.xcassets */,
				AF348DC222A129F100B26FE7 /* LaunchScreen.storyboard */,
				AF348DC522A129F100B26FE7 /* Info.plist */,
				AF348DC622A129F100B26FE7 /* main.m */,
			);
			path = LNRefreshDemo;
			sourceTree = "<group>";
		};
		AF348DCF22A129F100B26FE7 /* LNRefreshDemoTests */ = {
			isa = PBXGroup;
			children = (
				AF348DD022A129F100B26FE7 /* LNRefreshDemoTests.m */,
				AF348DD222A129F100B26FE7 /* Info.plist */,
			);
			path = LNRefreshDemoTests;
			sourceTree = "<group>";
		};
		AF348DDA22A129F100B26FE7 /* LNRefreshDemoUITests */ = {
			isa = PBXGroup;
			children = (
				AF348DDB22A129F100B26FE7 /* LNRefreshDemoUITests.m */,
				AF348DDD22A129F100B26FE7 /* Info.plist */,
			);
			path = LNRefreshDemoUITests;
			sourceTree = "<group>";
		};
		AF348DE922A12B1800B26FE7 /* LNHeaderAnimator */ = {
			isa = PBXGroup;
			children = (
				AF348DEA22A12B1800B26FE7 /* LNHeaderFeizhuAnimator */,
				AF348DEE22A12B1800B26FE7 /* LNHeaderTaobaoAnimator */,
				AF348DF122A12B1800B26FE7 /* LNHeaderNetEaseNewsAnimator */,
				AF348DF422A12B1800B26FE7 /* LNHeaderDIYAnimator */,
				AF348DF922A12B1800B26FE7 /* LNHeaderJDAnimator */,
				AF348DFC22A12B1800B26FE7 /* LNHeaderKaolaAnimator */,
				AF348DFF22A12B1800B26FE7 /* LNHeaderTmallAnimator */,
				AF348E0922A12B1800B26FE7 /* LNHeaderMeituanAnimator */,
				AF348E0C22A12B1800B26FE7 /* LNHeaderELEAnimator */,
				AF348E0F22A12B1800B26FE7 /* LNHeaderToutiaoAnimator */,
			);
			path = LNHeaderAnimator;
			sourceTree = "<group>";
		};
		AF348DEA22A12B1800B26FE7 /* LNHeaderFeizhuAnimator */ = {
			isa = PBXGroup;
			children = (
				AF348DEB22A12B1800B26FE7 /* LNHeaderFeizhuAnimator.m */,
				AF348DEC22A12B1800B26FE7 /* feizhu_pull_refresh.gif */,
				AF348DED22A12B1800B26FE7 /* LNHeaderFeizhuAnimator.h */,
			);
			path = LNHeaderFeizhuAnimator;
			sourceTree = "<group>";
		};
		AF348DEE22A12B1800B26FE7 /* LNHeaderTaobaoAnimator */ = {
			isa = PBXGroup;
			children = (
				AF348DEF22A12B1800B26FE7 /* LNHeaderTaobaoAnimator.m */,
				AF348DF022A12B1800B26FE7 /* LNHeaderTaobaoAnimator.h */,
			);
			path = LNHeaderTaobaoAnimator;
			sourceTree = "<group>";
		};
		AF348DF122A12B1800B26FE7 /* LNHeaderNetEaseNewsAnimator */ = {
			isa = PBXGroup;
			children = (
				AF348DF222A12B1800B26FE7 /* LNHeaderNetEaseNewsAnimator.h */,
				AF348DF322A12B1800B26FE7 /* LNHeaderNetEaseNewsAnimator.m */,
			);
			path = LNHeaderNetEaseNewsAnimator;
			sourceTree = "<group>";
		};
		AF348DF422A12B1800B26FE7 /* LNHeaderDIYAnimator */ = {
			isa = PBXGroup;
			children = (
				AF348DF522A12B1800B26FE7 /* YLoadingPanel.h */,
				AF348DF622A12B1800B26FE7 /* LNHeaderDIYAnimator.h */,
				AF348DF722A12B1800B26FE7 /* YLoadingPanel.m */,
				AF348DF822A12B1800B26FE7 /* LNHeaderDIYAnimator.m */,
			);
			path = LNHeaderDIYAnimator;
			sourceTree = "<group>";
		};
		AF348DF922A12B1800B26FE7 /* LNHeaderJDAnimator */ = {
			isa = PBXGroup;
			children = (
				AF348DFA22A12B1800B26FE7 /* LNHeaderJDAnimator.h */,
				AF348DFB22A12B1800B26FE7 /* LNHeaderJDAnimator.m */,
			);
			path = LNHeaderJDAnimator;
			sourceTree = "<group>";
		};
		AF348DFC22A12B1800B26FE7 /* LNHeaderKaolaAnimator */ = {
			isa = PBXGroup;
			children = (
				AF348DFD22A12B1800B26FE7 /* LNHeaderKaolaAnimator.h */,
				AF348DFE22A12B1800B26FE7 /* LNHeaderKaolaAnimator.m */,
			);
			path = LNHeaderKaolaAnimator;
			sourceTree = "<group>";
		};
		AF348DFF22A12B1800B26FE7 /* LNHeaderTmallAnimator */ = {
			isa = PBXGroup;
			children = (
				AF348E0022A12B1800B26FE7 /* LNHeaderTmallAnimator.m */,
				AF348E0122A12B1800B26FE7 /* Tmall */,
				AF348E0622A12B1800B26FE7 /* UIImage+animatedGIF.h */,
				AF348E0722A12B1800B26FE7 /* LNHeaderTmallAnimator.h */,
				AF348E0822A12B1800B26FE7 /* UIImage+animatedGIF.m */,
			);
			path = LNHeaderTmallAnimator;
			sourceTree = "<group>";
		};
		AF348E0122A12B1800B26FE7 /* Tmall */ = {
			isa = PBXGroup;
			children = (
				AF348E0222A12B1800B26FE7 /* frontpage_refresh_release@2x.gif */,
				AF348E0322A12B1800B26FE7 /* frontpage_refresh_release@3x.gif */,
				AF348E0422A12B1800B26FE7 /* frontpage_refresh@3x.gif */,
				AF348E0522A12B1800B26FE7 /* frontpage_refresh@2x.gif */,
			);
			path = Tmall;
			sourceTree = "<group>";
		};
		AF348E0922A12B1800B26FE7 /* LNHeaderMeituanAnimator */ = {
			isa = PBXGroup;
			children = (
				AF348E0A22A12B1800B26FE7 /* LNHeaderMeituanAnimator.m */,
				AF348E0B22A12B1800B26FE7 /* LNHeaderMeituanAnimator.h */,
			);
			path = LNHeaderMeituanAnimator;
			sourceTree = "<group>";
		};
		AF348E0C22A12B1800B26FE7 /* LNHeaderELEAnimator */ = {
			isa = PBXGroup;
			children = (
				AF348E0D22A12B1800B26FE7 /* LNHeaderELEAnimator.h */,
				AF348E0E22A12B1800B26FE7 /* LNHeaderELEAnimator.m */,
			);
			path = LNHeaderELEAnimator;
			sourceTree = "<group>";
		};
		AF348E0F22A12B1800B26FE7 /* LNHeaderToutiaoAnimator */ = {
			isa = PBXGroup;
			children = (
				AF348E1022A12B1800B26FE7 /* LNHeaderToutiaoAnimator.h */,
				AF348E1122A12B1800B26FE7 /* LNHeaderToutiaoAnimator.m */,
			);
			path = LNHeaderToutiaoAnimator;
			sourceTree = "<group>";
		};
		AF348E1222A12B1800B26FE7 /* LNRefreshAnalysis */ = {
			isa = PBXGroup;
			children = (
				AF348E1322A12B1800B26FE7 /* LNHeaderAnimator+Analysis.h */,
				AF348E1422A12B1800B26FE7 /* LNHeaderAnimator+Analysis.m */,
			);
			path = LNRefreshAnalysis;
			sourceTree = "<group>";
		};
/* End PBXGroup section */

/* Begin PBXNativeTarget section */
		AF348DB322A129F000B26FE7 /* LNRefreshDemo */ = {
			isa = PBXNativeTarget;
			buildConfigurationList = AF348DE022A129F100B26FE7 /* Build configuration list for PBXNativeTarget "LNRefreshDemo" */;
			buildPhases = (
				9C0DC09705E08F07801383A2 /* [CP] Check Pods Manifest.lock */,
				AF348DB022A129F000B26FE7 /* Sources */,
				AF348DB122A129F000B26FE7 /* Frameworks */,
				AF348DB222A129F000B26FE7 /* Resources */,
				49AECCC32D585E3A4A8DE265 /* [CP] Embed Pods Frameworks */,
			);
			buildRules = (
			);
			dependencies = (
			);
			name = LNRefreshDemo;
			productName = LNRefreshDemo;
			productReference = AF348DB422A129F000B26FE7 /* LNRefreshDemo.app */;
			productType = "com.apple.product-type.application";
		};
		AF348DCB22A129F100B26FE7 /* LNRefreshDemoTests */ = {
			isa = PBXNativeTarget;
			buildConfigurationList = AF348DE322A129F100B26FE7 /* Build configuration list for PBXNativeTarget "LNRefreshDemoTests" */;
			buildPhases = (
				999097D639F3CB4A778DB9D7 /* [CP] Check Pods Manifest.lock */,
				AF348DC822A129F100B26FE7 /* Sources */,
				AF348DC922A129F100B26FE7 /* Frameworks */,
				AF348DCA22A129F100B26FE7 /* Resources */,
			);
			buildRules = (
			);
			dependencies = (
				AF348DCE22A129F100B26FE7 /* PBXTargetDependency */,
			);
			name = LNRefreshDemoTests;
			productName = LNRefreshDemoTests;
			productReference = AF348DCC22A129F100B26FE7 /* LNRefreshDemoTests.xctest */;
			productType = "com.apple.product-type.bundle.unit-test";
		};
		AF348DD622A129F100B26FE7 /* LNRefreshDemoUITests */ = {
			isa = PBXNativeTarget;
			buildConfigurationList = AF348DE622A129F100B26FE7 /* Build configuration list for PBXNativeTarget "LNRefreshDemoUITests" */;
			buildPhases = (
				C38744982165225FB461D063 /* [CP] Check Pods Manifest.lock */,
				AF348DD322A129F100B26FE7 /* Sources */,
				AF348DD422A129F100B26FE7 /* Frameworks */,
				AF348DD522A129F100B26FE7 /* Resources */,
			);
			buildRules = (
			);
			dependencies = (
				AF348DD922A129F100B26FE7 /* PBXTargetDependency */,
			);
			name = LNRefreshDemoUITests;
			productName = LNRefreshDemoUITests;
			productReference = AF348DD722A129F100B26FE7 /* LNRefreshDemoUITests.xctest */;
			productType = "com.apple.product-type.bundle.ui-testing";
		};
/* End PBXNativeTarget section */

/* Begin PBXProject section */
		AF348DAC22A129F000B26FE7 /* Project object */ = {
			isa = PBXProject;
			attributes = {
				LastUpgradeCheck = 1020;
				ORGANIZATIONNAME = vvusu;
				TargetAttributes = {
					AF348DB322A129F000B26FE7 = {
						CreatedOnToolsVersion = 10.2.1;
					};
					AF348DCB22A129F100B26FE7 = {
						CreatedOnToolsVersion = 10.2.1;
						TestTargetID = AF348DB322A129F000B26FE7;
					};
					AF348DD622A129F100B26FE7 = {
						CreatedOnToolsVersion = 10.2.1;
						TestTargetID = AF348DB322A129F000B26FE7;
					};
				};
			};
			buildConfigurationList = AF348DAF22A129F000B26FE7 /* Build configuration list for PBXProject "LNRefreshDemo" */;
			compatibilityVersion = "Xcode 9.3";
			developmentRegion = en;
			hasScannedForEncodings = 0;
			knownRegions = (
				en,
				Base,
			);
			mainGroup = AF348DAB22A129F000B26FE7;
			productRefGroup = AF348DB522A129F000B26FE7 /* Products */;
			projectDirPath = "";
			projectRoot = "";
			targets = (
				AF348DB322A129F000B26FE7 /* LNRefreshDemo */,
				AF348DCB22A129F100B26FE7 /* LNRefreshDemoTests */,
				AF348DD622A129F100B26FE7 /* LNRefreshDemoUITests */,
			);
		};
/* End PBXProject section */

/* Begin PBXResourcesBuildPhase section */
		AF348DB222A129F000B26FE7 /* Resources */ = {
			isa = PBXResourcesBuildPhase;
			buildActionMask = 2147483647;
			files = (
				AF348E1622A12B1800B26FE7 /* feizhu_pull_refresh.gif in Resources */,
				AF348DC422A129F100B26FE7 /* LaunchScreen.storyboard in Resources */,
				AF348E2122A12B1800B26FE7 /* frontpage_refresh@2x.gif in Resources */,
				AF348E1E22A12B1800B26FE7 /* frontpage_refresh_release@2x.gif in Resources */,
				AF348DC122A129F100B26FE7 /* Assets.xcassets in Resources */,
				AF348E1F22A12B1800B26FE7 /* frontpage_refresh_release@3x.gif in Resources */,
				AF348DBF22A129F000B26FE7 /* Main.storyboard in Resources */,
				AF348E2022A12B1800B26FE7 /* frontpage_refresh@3x.gif in Resources */,
			);
			runOnlyForDeploymentPostprocessing = 0;
		};
		AF348DCA22A129F100B26FE7 /* Resources */ = {
			isa = PBXResourcesBuildPhase;
			buildActionMask = 2147483647;
			files = (
			);
			runOnlyForDeploymentPostprocessing = 0;
		};
		AF348DD522A129F100B26FE7 /* Resources */ = {
			isa = PBXResourcesBuildPhase;
			buildActionMask = 2147483647;
			files = (
			);
			runOnlyForDeploymentPostprocessing = 0;
		};
/* End PBXResourcesBuildPhase section */

/* Begin PBXShellScriptBuildPhase section */
		49AECCC32D585E3A4A8DE265 /* [CP] Embed Pods Frameworks */ = {
			isa = PBXShellScriptBuildPhase;
			buildActionMask = 2147483647;
			files = (
			);
			inputFileListPaths = (
				"${PODS_ROOT}/Target Support Files/Pods-LNRefreshDemo/Pods-LNRefreshDemo-frameworks-${CONFIGURATION}-input-files.xcfilelist",
			);
			name = "[CP] Embed Pods Frameworks";
			outputFileListPaths = (
				"${PODS_ROOT}/Target Support Files/Pods-LNRefreshDemo/Pods-LNRefreshDemo-frameworks-${CONFIGURATION}-output-files.xcfilelist",
			);
			runOnlyForDeploymentPostprocessing = 0;
			shellPath = /bin/sh;
			shellScript = "\"${PODS_ROOT}/Target Support Files/Pods-LNRefreshDemo/Pods-LNRefreshDemo-frameworks.sh\"\n";
			showEnvVarsInLog = 0;
		};
		999097D639F3CB4A778DB9D7 /* [CP] Check Pods Manifest.lock */ = {
			isa = PBXShellScriptBuildPhase;
			buildActionMask = 2147483647;
			files = (
			);
			inputFileListPaths = (
			);
			inputPaths = (
				"${PODS_PODFILE_DIR_PATH}/Podfile.lock",
				"${PODS_ROOT}/Manifest.lock",
			);
			name = "[CP] Check Pods Manifest.lock";
			outputFileListPaths = (
			);
			outputPaths = (
				"$(DERIVED_FILE_DIR)/Pods-LNRefreshDemoTests-checkManifestLockResult.txt",
			);
			runOnlyForDeploymentPostprocessing = 0;
			shellPath = /bin/sh;
			shellScript = "diff \"${PODS_PODFILE_DIR_PATH}/Podfile.lock\" \"${PODS_ROOT}/Manifest.lock\" > /dev/null\nif [ $? != 0 ] ; then\n    # print error to STDERR\n    echo \"error: The sandbox is not in sync with the Podfile.lock. Run 'pod install' or update your CocoaPods installation.\" >&2\n    exit 1\nfi\n# This output is used by Xcode 'outputs' to avoid re-running this script phase.\necho \"SUCCESS\" > \"${SCRIPT_OUTPUT_FILE_0}\"\n";
			showEnvVarsInLog = 0;
		};
		9C0DC09705E08F07801383A2 /* [CP] Check Pods Manifest.lock */ = {
			isa = PBXShellScriptBuildPhase;
			buildActionMask = 2147483647;
			files = (
			);
			inputFileListPaths = (
			);
			inputPaths = (
				"${PODS_PODFILE_DIR_PATH}/Podfile.lock",
				"${PODS_ROOT}/Manifest.lock",
			);
			name = "[CP] Check Pods Manifest.lock";
			outputFileListPaths = (
			);
			outputPaths = (
				"$(DERIVED_FILE_DIR)/Pods-LNRefreshDemo-checkManifestLockResult.txt",
			);
			runOnlyForDeploymentPostprocessing = 0;
			shellPath = /bin/sh;
			shellScript = "diff \"${PODS_PODFILE_DIR_PATH}/Podfile.lock\" \"${PODS_ROOT}/Manifest.lock\" > /dev/null\nif [ $? != 0 ] ; then\n    # print error to STDERR\n    echo \"error: The sandbox is not in sync with the Podfile.lock. Run 'pod install' or update your CocoaPods installation.\" >&2\n    exit 1\nfi\n# This output is used by Xcode 'outputs' to avoid re-running this script phase.\necho \"SUCCESS\" > \"${SCRIPT_OUTPUT_FILE_0}\"\n";
			showEnvVarsInLog = 0;
		};
		C38744982165225FB461D063 /* [CP] Check Pods Manifest.lock */ = {
			isa = PBXShellScriptBuildPhase;
			buildActionMask = 2147483647;
			files = (
			);
			inputFileListPaths = (
			);
			inputPaths = (
				"${PODS_PODFILE_DIR_PATH}/Podfile.lock",
				"${PODS_ROOT}/Manifest.lock",
			);
			name = "[CP] Check Pods Manifest.lock";
			outputFileListPaths = (
			);
			outputPaths = (
				"$(DERIVED_FILE_DIR)/Pods-LNRefreshDemoUITests-checkManifestLockResult.txt",
			);
			runOnlyForDeploymentPostprocessing = 0;
			shellPath = /bin/sh;
			shellScript = "diff \"${PODS_PODFILE_DIR_PATH}/Podfile.lock\" \"${PODS_ROOT}/Manifest.lock\" > /dev/null\nif [ $? != 0 ] ; then\n    # print error to STDERR\n    echo \"error: The sandbox is not in sync with the Podfile.lock. Run 'pod install' or update your CocoaPods installation.\" >&2\n    exit 1\nfi\n# This output is used by Xcode 'outputs' to avoid re-running this script phase.\necho \"SUCCESS\" > \"${SCRIPT_OUTPUT_FILE_0}\"\n";
			showEnvVarsInLog = 0;
		};
/* End PBXShellScriptBuildPhase section */

/* Begin PBXSourcesBuildPhase section */
		AF348DB022A129F000B26FE7 /* Sources */ = {
			isa = PBXSourcesBuildPhase;
			buildActionMask = 2147483647;
			files = (
				AF348E1922A12B1800B26FE7 /* YLoadingPanel.m in Sources */,
				AF348E2222A12B1800B26FE7 /* UIImage+animatedGIF.m in Sources */,
				AF348E1522A12B1800B26FE7 /* LNHeaderFeizhuAnimator.m in Sources */,
				AF348E2C22A12B3500B26FE7 /* DemoVC.m in Sources */,
				AF348E2622A12B1800B26FE7 /* LNHeaderAnimator+Analysis.m in Sources */,
				AF348E1722A12B1800B26FE7 /* LNHeaderTaobaoAnimator.m in Sources */,
				AF348E1822A12B1800B26FE7 /* LNHeaderNetEaseNewsAnimator.m in Sources */,
				AF348E1A22A12B1800B26FE7 /* LNHeaderDIYAnimator.m in Sources */,
				AF348E2422A12B1800B26FE7 /* LNHeaderELEAnimator.m in Sources */,
				AF348E1B22A12B1800B26FE7 /* LNHeaderJDAnimator.m in Sources */,
				AF348E2522A12B1800B26FE7 /* LNHeaderToutiaoAnimator.m in Sources */,
				AF348DC722A129F100B26FE7 /* main.m in Sources */,
				AF348E1D22A12B1800B26FE7 /* LNHeaderTmallAnimator.m in Sources */,
				AF348E2B22A12B3500B26FE7 /* HomeVC.m in Sources */,
				AF348E2322A12B1800B26FE7 /* LNHeaderMeituanAnimator.m in Sources */,
				AF348E1C22A12B1800B26FE7 /* LNHeaderKaolaAnimator.m in Sources */,
				AF348DB922A129F000B26FE7 /* AppDelegate.m in Sources */,
			);
			runOnlyForDeploymentPostprocessing = 0;
		};
		AF348DC822A129F100B26FE7 /* Sources */ = {
			isa = PBXSourcesBuildPhase;
			buildActionMask = 2147483647;
			files = (
				AF348DD122A129F100B26FE7 /* LNRefreshDemoTests.m in Sources */,
			);
			runOnlyForDeploymentPostprocessing = 0;
		};
		AF348DD322A129F100B26FE7 /* Sources */ = {
			isa = PBXSourcesBuildPhase;
			buildActionMask = 2147483647;
			files = (
				AF348DDC22A129F100B26FE7 /* LNRefreshDemoUITests.m in Sources */,
			);
			runOnlyForDeploymentPostprocessing = 0;
		};
/* End PBXSourcesBuildPhase section */

/* Begin PBXTargetDependency section */
		AF348DCE22A129F100B26FE7 /* PBXTargetDependency */ = {
			isa = PBXTargetDependency;
			target = AF348DB322A129F000B26FE7 /* LNRefreshDemo */;
			targetProxy = AF348DCD22A129F100B26FE7 /* PBXContainerItemProxy */;
		};
		AF348DD922A129F100B26FE7 /* PBXTargetDependency */ = {
			isa = PBXTargetDependency;
			target = AF348DB322A129F000B26FE7 /* LNRefreshDemo */;
			targetProxy = AF348DD822A129F100B26FE7 /* PBXContainerItemProxy */;
		};
/* End PBXTargetDependency section */

/* Begin PBXVariantGroup section */
		AF348DBD22A129F000B26FE7 /* Main.storyboard */ = {
			isa = PBXVariantGroup;
			children = (
				AF348DBE22A129F000B26FE7 /* Base */,
			);
			name = Main.storyboard;
			sourceTree = "<group>";
		};
		AF348DC222A129F100B26FE7 /* LaunchScreen.storyboard */ = {
			isa = PBXVariantGroup;
			children = (
				AF348DC322A129F100B26FE7 /* Base */,
			);
			name = LaunchScreen.storyboard;
			sourceTree = "<group>";
		};
/* End PBXVariantGroup section */

/* Begin XCBuildConfiguration section */
		AF348DDE22A129F100B26FE7 /* Debug */ = {
			isa = XCBuildConfiguration;
			buildSettings = {
				ALWAYS_SEARCH_USER_PATHS = NO;
				CLANG_ANALYZER_NONNULL = YES;
				CLANG_ANALYZER_NUMBER_OBJECT_CONVERSION = YES_AGGRESSIVE;
				CLANG_CXX_LANGUAGE_STANDARD = "gnu++14";
				CLANG_CXX_LIBRARY = "libc++";
				CLANG_ENABLE_MODULES = YES;
				CLANG_ENABLE_OBJC_ARC = YES;
				CLANG_ENABLE_OBJC_WEAK = YES;
				CLANG_WARN_BLOCK_CAPTURE_AUTORELEASING = YES;
				CLANG_WARN_BOOL_CONVERSION = YES;
				CLANG_WARN_COMMA = YES;
				CLANG_WARN_CONSTANT_CONVERSION = YES;
				CLANG_WARN_DEPRECATED_OBJC_IMPLEMENTATIONS = YES;
				CLANG_WARN_DIRECT_OBJC_ISA_USAGE = YES_ERROR;
				CLANG_WARN_DOCUMENTATION_COMMENTS = YES;
				CLANG_WARN_EMPTY_BODY = YES;
				CLANG_WARN_ENUM_CONVERSION = YES;
				CLANG_WARN_INFINITE_RECURSION = YES;
				CLANG_WARN_INT_CONVERSION = YES;
				CLANG_WARN_NON_LITERAL_NULL_CONVERSION = YES;
				CLANG_WARN_OBJC_IMPLICIT_RETAIN_SELF = YES;
				CLANG_WARN_OBJC_LITERAL_CONVERSION = YES;
				CLANG_WARN_OBJC_ROOT_CLASS = YES_ERROR;
				CLANG_WARN_RANGE_LOOP_ANALYSIS = YES;
				CLANG_WARN_STRICT_PROTOTYPES = YES;
				CLANG_WARN_SUSPICIOUS_MOVE = YES;
				CLANG_WARN_UNGUARDED_AVAILABILITY = YES_AGGRESSIVE;
				CLANG_WARN_UNREACHABLE_CODE = YES;
				CLANG_WARN__DUPLICATE_METHOD_MATCH = YES;
				CODE_SIGN_IDENTITY = "iPhone Developer";
				COPY_PHASE_STRIP = NO;
				DEBUG_INFORMATION_FORMAT = dwarf;
				ENABLE_STRICT_OBJC_MSGSEND = YES;
				ENABLE_TESTABILITY = YES;
				GCC_C_LANGUAGE_STANDARD = gnu11;
				GCC_DYNAMIC_NO_PIC = NO;
				GCC_NO_COMMON_BLOCKS = YES;
				GCC_OPTIMIZATION_LEVEL = 0;
				GCC_PREPROCESSOR_DEFINITIONS = (
					"DEBUG=1",
					"$(inherited)",
				);
				GCC_WARN_64_TO_32_BIT_CONVERSION = YES;
				GCC_WARN_ABOUT_RETURN_TYPE = YES_ERROR;
				GCC_WARN_UNDECLARED_SELECTOR = YES;
				GCC_WARN_UNINITIALIZED_AUTOS = YES_AGGRESSIVE;
				GCC_WARN_UNUSED_FUNCTION = YES;
				GCC_WARN_UNUSED_VARIABLE = YES;
				IPHONEOS_DEPLOYMENT_TARGET = 12.2;
				MTL_ENABLE_DEBUG_INFO = INCLUDE_SOURCE;
				MTL_FAST_MATH = YES;
				ONLY_ACTIVE_ARCH = YES;
				SDKROOT = iphoneos;
			};
			name = Debug;
		};
		AF348DDF22A129F100B26FE7 /* Release */ = {
			isa = XCBuildConfiguration;
			buildSettings = {
				ALWAYS_SEARCH_USER_PATHS = NO;
				CLANG_ANALYZER_NONNULL = YES;
				CLANG_ANALYZER_NUMBER_OBJECT_CONVERSION = YES_AGGRESSIVE;
				CLANG_CXX_LANGUAGE_STANDARD = "gnu++14";
				CLANG_CXX_LIBRARY = "libc++";
				CLANG_ENABLE_MODULES = YES;
				CLANG_ENABLE_OBJC_ARC = YES;
				CLANG_ENABLE_OBJC_WEAK = YES;
				CLANG_WARN_BLOCK_CAPTURE_AUTORELEASING = YES;
				CLANG_WARN_BOOL_CONVERSION = YES;
				CLANG_WARN_COMMA = YES;
				CLANG_WARN_CONSTANT_CONVERSION = YES;
				CLANG_WARN_DEPRECATED_OBJC_IMPLEMENTATIONS = YES;
				CLANG_WARN_DIRECT_OBJC_ISA_USAGE = YES_ERROR;
				CLANG_WARN_DOCUMENTATION_COMMENTS = YES;
				CLANG_WARN_EMPTY_BODY = YES;
				CLANG_WARN_ENUM_CONVERSION = YES;
				CLANG_WARN_INFINITE_RECURSION = YES;
				CLANG_WARN_INT_CONVERSION = YES;
				CLANG_WARN_NON_LITERAL_NULL_CONVERSION = YES;
				CLANG_WARN_OBJC_IMPLICIT_RETAIN_SELF = YES;
				CLANG_WARN_OBJC_LITERAL_CONVERSION = YES;
				CLANG_WARN_OBJC_ROOT_CLASS = YES_ERROR;
				CLANG_WARN_RANGE_LOOP_ANALYSIS = YES;
				CLANG_WARN_STRICT_PROTOTYPES = YES;
				CLANG_WARN_SUSPICIOUS_MOVE = YES;
				CLANG_WARN_UNGUARDED_AVAILABILITY = YES_AGGRESSIVE;
				CLANG_WARN_UNREACHABLE_CODE = YES;
				CLANG_WARN__DUPLICATE_METHOD_MATCH = YES;
				CODE_SIGN_IDENTITY = "iPhone Developer";
				COPY_PHASE_STRIP = NO;
				DEBUG_INFORMATION_FORMAT = "dwarf-with-dsym";
				ENABLE_NS_ASSERTIONS = NO;
				ENABLE_STRICT_OBJC_MSGSEND = YES;
				GCC_C_LANGUAGE_STANDARD = gnu11;
				GCC_NO_COMMON_BLOCKS = YES;
				GCC_WARN_64_TO_32_BIT_CONVERSION = YES;
				GCC_WARN_ABOUT_RETURN_TYPE = YES_ERROR;
				GCC_WARN_UNDECLARED_SELECTOR = YES;
				GCC_WARN_UNINITIALIZED_AUTOS = YES_AGGRESSIVE;
				GCC_WARN_UNUSED_FUNCTION = YES;
				GCC_WARN_UNUSED_VARIABLE = YES;
				IPHONEOS_DEPLOYMENT_TARGET = 12.2;
				MTL_ENABLE_DEBUG_INFO = NO;
				MTL_FAST_MATH = YES;
				SDKROOT = iphoneos;
				VALIDATE_PRODUCT = YES;
			};
			name = Release;
		};
		AF348DE122A129F100B26FE7 /* Debug */ = {
			isa = XCBuildConfiguration;
			baseConfigurationReference = C8E46BD749BB040B44A2A3FB /* Pods-LNRefreshDemo.debug.xcconfig */;
			buildSettings = {
				ASSETCATALOG_COMPILER_APPICON_NAME = AppIcon;
				CODE_SIGN_STYLE = Automatic;
				FRAMEWORK_SEARCH_PATHS = (
					"$(inherited)",
					"$(PROJECT_DIR)",
				);
				INFOPLIST_FILE = LNRefreshDemo/Info.plist;
				LD_RUNPATH_SEARCH_PATHS = (
					"$(inherited)",
					"@executable_path/Frameworks",
				);
				OTHER_LDFLAGS = "-ObjC";
				PRODUCT_BUNDLE_IDENTIFIER = com.vvusu.lnrefreshresources.LNRefreshDemo;
				PRODUCT_NAME = "$(TARGET_NAME)";
				TARGETED_DEVICE_FAMILY = "1,2";
			};
			name = Debug;
		};
		AF348DE222A129F100B26FE7 /* Release */ = {
			isa = XCBuildConfiguration;
			baseConfigurationReference = FCE612566859B0FBE07A90DB /* Pods-LNRefreshDemo.release.xcconfig */;
			buildSettings = {
				ASSETCATALOG_COMPILER_APPICON_NAME = AppIcon;
				CODE_SIGN_STYLE = Automatic;
				FRAMEWORK_SEARCH_PATHS = (
					"$(inherited)",
					"$(PROJECT_DIR)",
				);
				INFOPLIST_FILE = LNRefreshDemo/Info.plist;
				LD_RUNPATH_SEARCH_PATHS = (
					"$(inherited)",
					"@executable_path/Frameworks",
				);
				OTHER_LDFLAGS = "-ObjC";
				PRODUCT_BUNDLE_IDENTIFIER = com.vvusu.lnrefreshresources.LNRefreshDemo;
				PRODUCT_NAME = "$(TARGET_NAME)";
				TARGETED_DEVICE_FAMILY = "1,2";
			};
			name = Release;
		};
		AF348DE422A129F100B26FE7 /* Debug */ = {
			isa = XCBuildConfiguration;
			baseConfigurationReference = E6E4ACCDA46189A66F336C30 /* Pods-LNRefreshDemoTests.debug.xcconfig */;
			buildSettings = {
				BUNDLE_LOADER = "$(TEST_HOST)";
				CODE_SIGN_STYLE = Automatic;
				INFOPLIST_FILE = LNRefreshDemoTests/Info.plist;
				LD_RUNPATH_SEARCH_PATHS = (
					"$(inherited)",
					"@executable_path/Frameworks",
					"@loader_path/Frameworks",
				);
				PRODUCT_BUNDLE_IDENTIFIER = com.vvusu.lnrefreshresources.LNRefreshDemoTests;
				PRODUCT_NAME = "$(TARGET_NAME)";
				TARGETED_DEVICE_FAMILY = "1,2";
				TEST_HOST = "$(BUILT_PRODUCTS_DIR)/LNRefreshDemo.app/LNRefreshDemo";
			};
			name = Debug;
		};
		AF348DE522A129F100B26FE7 /* Release */ = {
			isa = XCBuildConfiguration;
			baseConfigurationReference = 82C5DFBB950053F239B50713 /* Pods-LNRefreshDemoTests.release.xcconfig */;
			buildSettings = {
				BUNDLE_LOADER = "$(TEST_HOST)";
				CODE_SIGN_STYLE = Automatic;
				INFOPLIST_FILE = LNRefreshDemoTests/Info.plist;
				LD_RUNPATH_SEARCH_PATHS = (
					"$(inherited)",
					"@executable_path/Frameworks",
					"@loader_path/Frameworks",
				);
				PRODUCT_BUNDLE_IDENTIFIER = com.vvusu.lnrefreshresources.LNRefreshDemoTests;
				PRODUCT_NAME = "$(TARGET_NAME)";
				TARGETED_DEVICE_FAMILY = "1,2";
				TEST_HOST = "$(BUILT_PRODUCTS_DIR)/LNRefreshDemo.app/LNRefreshDemo";
			};
			name = Release;
		};
		AF348DE722A129F100B26FE7 /* Debug */ = {
			isa = XCBuildConfiguration;
			baseConfigurationReference = 10A82066B4E46B2713FF8D4A /* Pods-LNRefreshDemoUITests.debug.xcconfig */;
			buildSettings = {
				CODE_SIGN_STYLE = Automatic;
				INFOPLIST_FILE = LNRefreshDemoUITests/Info.plist;
				LD_RUNPATH_SEARCH_PATHS = (
					"$(inherited)",
					"@executable_path/Frameworks",
					"@loader_path/Frameworks",
				);
				PRODUCT_BUNDLE_IDENTIFIER = com.vvusu.lnrefreshresources.LNRefreshDemoUITests;
				PRODUCT_NAME = "$(TARGET_NAME)";
				TARGETED_DEVICE_FAMILY = "1,2";
				TEST_TARGET_NAME = LNRefreshDemo;
			};
			name = Debug;
		};
		AF348DE822A129F100B26FE7 /* Release */ = {
			isa = XCBuildConfiguration;
			baseConfigurationReference = 18D215F8D4302C4D1466F899 /* Pods-LNRefreshDemoUITests.release.xcconfig */;
			buildSettings = {
				CODE_SIGN_STYLE = Automatic;
				INFOPLIST_FILE = LNRefreshDemoUITests/Info.plist;
				LD_RUNPATH_SEARCH_PATHS = (
					"$(inherited)",
					"@executable_path/Frameworks",
					"@loader_path/Frameworks",
				);
				PRODUCT_BUNDLE_IDENTIFIER = com.vvusu.lnrefreshresources.LNRefreshDemoUITests;
				PRODUCT_NAME = "$(TARGET_NAME)";
				TARGETED_DEVICE_FAMILY = "1,2";
				TEST_TARGET_NAME = LNRefreshDemo;
			};
			name = Release;
		};
/* End XCBuildConfiguration section */

/* Begin XCConfigurationList section */
		AF348DAF22A129F000B26FE7 /* Build configuration list for PBXProject "LNRefreshDemo" */ = {
			isa = XCConfigurationList;
			buildConfigurations = (
				AF348DDE22A129F100B26FE7 /* Debug */,
				AF348DDF22A129F100B26FE7 /* Release */,
			);
			defaultConfigurationIsVisible = 0;
			defaultConfigurationName = Release;
		};
		AF348DE022A129F100B26FE7 /* Build configuration list for PBXNativeTarget "LNRefreshDemo" */ = {
			isa = XCConfigurationList;
			buildConfigurations = (
				AF348DE122A129F100B26FE7 /* Debug */,
				AF348DE222A129F100B26FE7 /* Release */,
			);
			defaultConfigurationIsVisible = 0;
			defaultConfigurationName = Release;
		};
		AF348DE322A129F100B26FE7 /* Build configuration list for PBXNativeTarget "LNRefreshDemoTests" */ = {
			isa = XCConfigurationList;
			buildConfigurations = (
				AF348DE422A129F100B26FE7 /* Debug */,
				AF348DE522A129F100B26FE7 /* Release */,
			);
			defaultConfigurationIsVisible = 0;
			defaultConfigurationName = Release;
		};
		AF348DE622A129F100B26FE7 /* Build configuration list for PBXNativeTarget "LNRefreshDemoUITests" */ = {
			isa = XCConfigurationList;
			buildConfigurations = (
				AF348DE722A129F100B26FE7 /* Debug */,
				AF348DE822A129F100B26FE7 /* Release */,
			);
			defaultConfigurationIsVisible = 0;
			defaultConfigurationName = Release;
		};
/* End XCConfigurationList section */
	};
	rootObject = AF348DAC22A129F000B26FE7 /* Project object */;
}
